PODS:
  - Alamofire (4.9.1)
  - Swinject (2.7.1)

DEPENDENCIES:
  - Alamofire
  - Swinject

SPEC REPOS:
  trunk:
    - Alamofire
    - Swinject

SPEC CHECKSUMS:
  Alamofire: 85e8a02c69d6020a0d734f6054870d7ecb75cf18
  Swinject: ddf78b8486dd9b71a667b852cad919ab4484478e

PODFILE CHECKSUM: ab88a27005ad679548f5a3a4f359f3a81181ce50

COCOAPODS: 1.8.4
