// !$*UTF8*$!
{
	archiveVersion = 1;
	classes = {
	};
	objectVersion = 51;
	objects = {

/* Begin PBXBuildFile section */
		0705D40E24D9B82D002141F5 /* BasketRequestFactory.swift in Sources */ = {isa = PBXBuildFile; fileRef = 0705D40D24D9B82D002141F5 /* BasketRequestFactory.swift */; };
		0705D41024D9B996002141F5 /* GetBasketResult.swift in Sources */ = {isa = PBXBuildFile; fileRef = 0705D40F24D9B996002141F5 /* GetBasketResult.swift */; };
		0705D41324D9BAC5002141F5 /* AddToBasketResult.swift in Sources */ = {isa = PBXBuildFile; fileRef = 0705D41224D9BAC5002141F5 /* AddToBasketResult.swift */; };
		0705D41524D9BAEB002141F5 /* RemoveFromBasketResult.swift in Sources */ = {isa = PBXBuildFile; fileRef = 0705D41424D9BAEB002141F5 /* RemoveFromBasketResult.swift */; };
		0705D41724D9BB14002141F5 /* PayOrderResult.swift in Sources */ = {isa = PBXBuildFile; fileRef = 0705D41624D9BB14002141F5 /* PayOrderResult.swift */; };
		0705D41924D9BB5F002141F5 /* Basket.swift in Sources */ = {isa = PBXBuildFile; fileRef = 0705D41824D9BB5F002141F5 /* Basket.swift */; };
		0705D41B24D9BC0C002141F5 /* BasketRequestStruct.swift in Sources */ = {isa = PBXBuildFile; fileRef = 0705D41A24D9BC0C002141F5 /* BasketRequestStruct.swift */; };
		0705D41D24D9BE5A002141F5 /* BasketTests.swift in Sources */ = {isa = PBXBuildFile; fileRef = 0705D41C24D9BE5A002141F5 /* BasketTests.swift */; };
		071C85BA24DFF06E002039E8 /* UserProfileVerifier.swift in Sources */ = {isa = PBXBuildFile; fileRef = 071C85B924DFF06E002039E8 /* UserProfileVerifier.swift */; };
		07226C7424DF047500173A97 /* RegisterViewController.swift in Sources */ = {isa = PBXBuildFile; fileRef = 07226C7324DF047500173A97 /* RegisterViewController.swift */; };
		07226C7724DFDEC500173A97 /* ProfileViewController.swift in Sources */ = {isa = PBXBuildFile; fileRef = 07226C7624DFDEC500173A97 /* ProfileViewController.swift */; };
		07393BD324C4717C007A1738 /* AbstractErrorParser.swift in Sources */ = {isa = PBXBuildFile; fileRef = 07393BD224C4717C007A1738 /* AbstractErrorParser.swift */; };
		07393BD524C471C8007A1738 /* ErrorParser.swift in Sources */ = {isa = PBXBuildFile; fileRef = 07393BD424C471C8007A1738 /* ErrorParser.swift */; };
		07393BD724C471F9007A1738 /* ResponseCodable.swift in Sources */ = {isa = PBXBuildFile; fileRef = 07393BD624C471F9007A1738 /* ResponseCodable.swift */; };
		07393BD924C47852007A1738 /* RequestRouter.swift in Sources */ = {isa = PBXBuildFile; fileRef = 07393BD824C47852007A1738 /* RequestRouter.swift */; };
		07393BDB24C4794F007A1738 /* LoginResult.swift in Sources */ = {isa = PBXBuildFile; fileRef = 07393BDA24C4794F007A1738 /* LoginResult.swift */; };
		07393BE224C47F04007A1738 /* RequestFactory.swift in Sources */ = {isa = PBXBuildFile; fileRef = 07393BE124C47F04007A1738 /* RequestFactory.swift */; };
		07393BE424C4801E007A1738 /* UserResult.swift in Sources */ = {isa = PBXBuildFile; fileRef = 07393BE324C4801E007A1738 /* UserResult.swift */; };
		07393BE624C4818C007A1738 /* AbstractRequestFactory.swift in Sources */ = {isa = PBXBuildFile; fileRef = 07393BE524C4818C007A1738 /* AbstractRequestFactory.swift */; };
		07393BE824C482BE007A1738 /* LogoutResult.swift in Sources */ = {isa = PBXBuildFile; fileRef = 07393BE724C482BE007A1738 /* LogoutResult.swift */; };
		07393BEE24C4AA46007A1738 /* RegisterResult.swift in Sources */ = {isa = PBXBuildFile; fileRef = 07393BED24C4AA46007A1738 /* RegisterResult.swift */; };
		07393BF024C4AE4D007A1738 /* ChangeUserDataResult.swift in Sources */ = {isa = PBXBuildFile; fileRef = 07393BEF24C4AE4D007A1738 /* ChangeUserDataResult.swift */; };
		07520C5824CBFA69003DDE52 /* UsersRequestFactory.swift in Sources */ = {isa = PBXBuildFile; fileRef = 07520C5724CBFA69003DDE52 /* UsersRequestFactory.swift */; };
		07520C5A24CBFA8D003DDE52 /* Users.swift in Sources */ = {isa = PBXBuildFile; fileRef = 07520C5924CBFA8D003DDE52 /* Users.swift */; };
		07520C5C24CBFF6C003DDE52 /* UsersRequestStruct.swift in Sources */ = {isa = PBXBuildFile; fileRef = 07520C5B24CBFF6C003DDE52 /* UsersRequestStruct.swift */; };
		075B80B924E4486300C76DBA /* CatalogViewController.swift in Sources */ = {isa = PBXBuildFile; fileRef = 075B80B824E4486300C76DBA /* CatalogViewController.swift */; };
		075B80BB24E44B5C00C76DBA /* CatalogTableViewCell.swift in Sources */ = {isa = PBXBuildFile; fileRef = 075B80BA24E44B5C00C76DBA /* CatalogTableViewCell.swift */; };
		0778A72124CC187F00292C29 /* ResponseCodableTests.swift in Sources */ = {isa = PBXBuildFile; fileRef = 0778A72024CC187F00292C29 /* ResponseCodableTests.swift */; };
		0778A72324CC1B3500292C29 /* UsersTests.swift in Sources */ = {isa = PBXBuildFile; fileRef = 0778A72224CC1B3500292C29 /* UsersTests.swift */; };
		07AAB87324CC287F006F14EE /* CatalogResult.swift in Sources */ = {isa = PBXBuildFile; fileRef = 07AAB87224CC287F006F14EE /* CatalogResult.swift */; };
		07AAB87524CC2928006F14EE /* ProductResult.swift in Sources */ = {isa = PBXBuildFile; fileRef = 07AAB87424CC2928006F14EE /* ProductResult.swift */; };
		07AAB87724CC29A7006F14EE /* CatalogTests.swift in Sources */ = {isa = PBXBuildFile; fileRef = 07AAB87624CC29A7006F14EE /* CatalogTests.swift */; };
		07AAB87A24CC2CAE006F14EE /* Catalog.swift in Sources */ = {isa = PBXBuildFile; fileRef = 07AAB87924CC2CAE006F14EE /* Catalog.swift */; };
		07AAB87C24CC2E1F006F14EE /* CatalogRequestFactory.swift in Sources */ = {isa = PBXBuildFile; fileRef = 07AAB87B24CC2E1F006F14EE /* CatalogRequestFactory.swift */; };
		07AAB87E24CC2EE7006F14EE /* CatalogRequestStruct.swift in Sources */ = {isa = PBXBuildFile; fileRef = 07AAB87D24CC2EE7006F14EE /* CatalogRequestStruct.swift */; };
		07B0DE9824DEFC5700AEE058 /* UIViewController+Ext.swift in Sources */ = {isa = PBXBuildFile; fileRef = 07B0DE9724DEFC5700AEE058 /* UIViewController+Ext.swift */; };
		07BE4D5D24DFFB1B00CA9995 /* GetUserDataResult.swift in Sources */ = {isa = PBXBuildFile; fileRef = 07BE4D5C24DFFB1B00CA9995 /* GetUserDataResult.swift */; };
		07E3E27C24D5777B006CBA6F /* UserStruct.swift in Sources */ = {isa = PBXBuildFile; fileRef = 07E3E27B24D5777B006CBA6F /* UserStruct.swift */; };
		07E3E27F24D57E75006CBA6F /* RewievsRequestFactory.swift in Sources */ = {isa = PBXBuildFile; fileRef = 07E3E27E24D57E75006CBA6F /* RewievsRequestFactory.swift */; };
		07E3E28224D57EF3006CBA6F /* GetReviewsResult.swift in Sources */ = {isa = PBXBuildFile; fileRef = 07E3E28124D57EF3006CBA6F /* GetReviewsResult.swift */; };
		07E3E28424D57FAC006CBA6F /* Review.swift in Sources */ = {isa = PBXBuildFile; fileRef = 07E3E28324D57FAC006CBA6F /* Review.swift */; };
		07E3E28624D58016006CBA6F /* AddReviewResult.swift in Sources */ = {isa = PBXBuildFile; fileRef = 07E3E28524D58016006CBA6F /* AddReviewResult.swift */; };
		07E3E28824D580A3006CBA6F /* ApproveReviewResult.swift in Sources */ = {isa = PBXBuildFile; fileRef = 07E3E28724D580A3006CBA6F /* ApproveReviewResult.swift */; };
		07E3E28A24D58101006CBA6F /* RemoveReviewResult.swift in Sources */ = {isa = PBXBuildFile; fileRef = 07E3E28924D58101006CBA6F /* RemoveReviewResult.swift */; };
		07E3E28C24D58595006CBA6F /* Reviews.swift in Sources */ = {isa = PBXBuildFile; fileRef = 07E3E28B24D58595006CBA6F /* Reviews.swift */; };
		07E3E28E24D58642006CBA6F /* ReviewsRequestStruct.swift in Sources */ = {isa = PBXBuildFile; fileRef = 07E3E28D24D58642006CBA6F /* ReviewsRequestStruct.swift */; };
		07E3E29024D58B38006CBA6F /* ReviewsTests.swift in Sources */ = {isa = PBXBuildFile; fileRef = 07E3E28F24D58B38006CBA6F /* ReviewsTests.swift */; };
		07E7DCF824C2D9810097EEE6 /* AppDelegate.swift in Sources */ = {isa = PBXBuildFile; fileRef = 07E7DCF724C2D9810097EEE6 /* AppDelegate.swift */; };
		07E7DCFA24C2D9810097EEE6 /* SceneDelegate.swift in Sources */ = {isa = PBXBuildFile; fileRef = 07E7DCF924C2D9810097EEE6 /* SceneDelegate.swift */; };
		07E7DD0124C2D9820097EEE6 /* Assets.xcassets in Resources */ = {isa = PBXBuildFile; fileRef = 07E7DD0024C2D9820097EEE6 /* Assets.xcassets */; };
		07E7DD0424C2D9820097EEE6 /* LaunchScreen.storyboard in Resources */ = {isa = PBXBuildFile; fileRef = 07E7DD0224C2D9820097EEE6 /* LaunchScreen.storyboard */; };
		07E7DD1A24C2D9830097EEE6 /* GeekShopUITests.swift in Sources */ = {isa = PBXBuildFile; fileRef = 07E7DD1924C2D9830097EEE6 /* GeekShopUITests.swift */; };
		07F4ADF124DEB92800E57958 /* Main.storyboard in Resources */ = {isa = PBXBuildFile; fileRef = 07F4ADF024DEB92800E57958 /* Main.storyboard */; };
		07F4ADF424DEBA3100E57958 /* LoginScreenController.swift in Sources */ = {isa = PBXBuildFile; fileRef = 07F4ADF324DEBA3100E57958 /* LoginScreenController.swift */; };
		3E854C4E947216D5509B1012 /* Pods_GeekShopTests.framework in Frameworks */ = {isa = PBXBuildFile; fileRef = E656A089303AC4F5EAA42D68 /* Pods_GeekShopTests.framework */; };
		A1B2A995DE20AA9282D2381F /* Pods_GeekShop_GeekShopUITests.framework in Frameworks */ = {isa = PBXBuildFile; fileRef = 104C032B93F3FE558442B7BC /* Pods_GeekShop_GeekShopUITests.framework */; };
		E2750E7D58BB1CD389B119D7 /* Pods_GeekShop.framework in Frameworks */ = {isa = PBXBuildFile; fileRef = DA8BC7674A03BD93F3282E14 /* Pods_GeekShop.framework */; };
/* End PBXBuildFile section */

/* Begin PBXContainerItemProxy section */
		07E7DD0B24C2D9830097EEE6 /* PBXContainerItemProxy */ = {
			isa = PBXContainerItemProxy;
			containerPortal = 07E7DCEC24C2D9810097EEE6 /* Project object */;
			proxyType = 1;
			remoteGlobalIDString = 07E7DCF324C2D9810097EEE6;
			remoteInfo = GeekShop;
		};
		07E7DD1624C2D9830097EEE6 /* PBXContainerItemProxy */ = {
			isa = PBXContainerItemProxy;
			containerPortal = 07E7DCEC24C2D9810097EEE6 /* Project object */;
			proxyType = 1;
			remoteGlobalIDString = 07E7DCF324C2D9810097EEE6;
			remoteInfo = GeekShop;
		};
/* End PBXContainerItemProxy section */

/* Begin PBXFileReference section */
		0705D40D24D9B82D002141F5 /* BasketRequestFactory.swift */ = {isa = PBXFileReference; lastKnownFileType = sourcecode.swift; path = BasketRequestFactory.swift; sourceTree = "<group>"; };
		0705D40F24D9B996002141F5 /* GetBasketResult.swift */ = {isa = PBXFileReference; lastKnownFileType = sourcecode.swift; path = GetBasketResult.swift; sourceTree = "<group>"; };
		0705D41224D9BAC5002141F5 /* AddToBasketResult.swift */ = {isa = PBXFileReference; lastKnownFileType = sourcecode.swift; path = AddToBasketResult.swift; sourceTree = "<group>"; };
		0705D41424D9BAEB002141F5 /* RemoveFromBasketResult.swift */ = {isa = PBXFileReference; lastKnownFileType = sourcecode.swift; path = RemoveFromBasketResult.swift; sourceTree = "<group>"; };
		0705D41624D9BB14002141F5 /* PayOrderResult.swift */ = {isa = PBXFileReference; lastKnownFileType = sourcecode.swift; path = PayOrderResult.swift; sourceTree = "<group>"; };
		0705D41824D9BB5F002141F5 /* Basket.swift */ = {isa = PBXFileReference; lastKnownFileType = sourcecode.swift; path = Basket.swift; sourceTree = "<group>"; };
		0705D41A24D9BC0C002141F5 /* BasketRequestStruct.swift */ = {isa = PBXFileReference; lastKnownFileType = sourcecode.swift; path = BasketRequestStruct.swift; sourceTree = "<group>"; };
		0705D41C24D9BE5A002141F5 /* BasketTests.swift */ = {isa = PBXFileReference; lastKnownFileType = sourcecode.swift; path = BasketTests.swift; sourceTree = "<group>"; };
		071C85B924DFF06E002039E8 /* UserProfileVerifier.swift */ = {isa = PBXFileReference; lastKnownFileType = sourcecode.swift; path = UserProfileVerifier.swift; sourceTree = "<group>"; };
		07226C7324DF047500173A97 /* RegisterViewController.swift */ = {isa = PBXFileReference; lastKnownFileType = sourcecode.swift; path = RegisterViewController.swift; sourceTree = "<group>"; };
		07226C7624DFDEC500173A97 /* ProfileViewController.swift */ = {isa = PBXFileReference; lastKnownFileType = sourcecode.swift; path = ProfileViewController.swift; sourceTree = "<group>"; };
		07393BD224C4717C007A1738 /* AbstractErrorParser.swift */ = {isa = PBXFileReference; lastKnownFileType = sourcecode.swift; path = AbstractErrorParser.swift; sourceTree = "<group>"; };
		07393BD424C471C8007A1738 /* ErrorParser.swift */ = {isa = PBXFileReference; lastKnownFileType = sourcecode.swift; path = ErrorParser.swift; sourceTree = "<group>"; };
		07393BD624C471F9007A1738 /* ResponseCodable.swift */ = {isa = PBXFileReference; lastKnownFileType = sourcecode.swift; path = ResponseCodable.swift; sourceTree = "<group>"; };
		07393BD824C47852007A1738 /* RequestRouter.swift */ = {isa = PBXFileReference; lastKnownFileType = sourcecode.swift; path = RequestRouter.swift; sourceTree = "<group>"; };
		07393BDA24C4794F007A1738 /* LoginResult.swift */ = {isa = PBXFileReference; lastKnownFileType = sourcecode.swift; path = LoginResult.swift; sourceTree = "<group>"; };
		07393BE124C47F04007A1738 /* RequestFactory.swift */ = {isa = PBXFileReference; lastKnownFileType = sourcecode.swift; path = RequestFactory.swift; sourceTree = "<group>"; };
		07393BE324C4801E007A1738 /* UserResult.swift */ = {isa = PBXFileReference; lastKnownFileType = sourcecode.swift; path = UserResult.swift; sourceTree = "<group>"; };
		07393BE524C4818C007A1738 /* AbstractRequestFactory.swift */ = {isa = PBXFileReference; lastKnownFileType = sourcecode.swift; path = AbstractRequestFactory.swift; sourceTree = "<group>"; };
		07393BE724C482BE007A1738 /* LogoutResult.swift */ = {isa = PBXFileReference; lastKnownFileType = sourcecode.swift; path = LogoutResult.swift; sourceTree = "<group>"; };
		07393BED24C4AA46007A1738 /* RegisterResult.swift */ = {isa = PBXFileReference; lastKnownFileType = sourcecode.swift; path = RegisterResult.swift; sourceTree = "<group>"; };
		07393BEF24C4AE4D007A1738 /* ChangeUserDataResult.swift */ = {isa = PBXFileReference; lastKnownFileType = sourcecode.swift; path = ChangeUserDataResult.swift; sourceTree = "<group>"; };
		07520C5724CBFA69003DDE52 /* UsersRequestFactory.swift */ = {isa = PBXFileReference; lastKnownFileType = sourcecode.swift; path = UsersRequestFactory.swift; sourceTree = "<group>"; };
		07520C5924CBFA8D003DDE52 /* Users.swift */ = {isa = PBXFileReference; lastKnownFileType = sourcecode.swift; path = Users.swift; sourceTree = "<group>"; };
		07520C5B24CBFF6C003DDE52 /* UsersRequestStruct.swift */ = {isa = PBXFileReference; lastKnownFileType = sourcecode.swift; path = UsersRequestStruct.swift; sourceTree = "<group>"; };
		075B80B824E4486300C76DBA /* CatalogViewController.swift */ = {isa = PBXFileReference; lastKnownFileType = sourcecode.swift; path = CatalogViewController.swift; sourceTree = "<group>"; };
		075B80BA24E44B5C00C76DBA /* CatalogTableViewCell.swift */ = {isa = PBXFileReference; lastKnownFileType = sourcecode.swift; path = CatalogTableViewCell.swift; sourceTree = "<group>"; };
		0778A72024CC187F00292C29 /* ResponseCodableTests.swift */ = {isa = PBXFileReference; lastKnownFileType = sourcecode.swift; path = ResponseCodableTests.swift; sourceTree = "<group>"; };
		0778A72224CC1B3500292C29 /* UsersTests.swift */ = {isa = PBXFileReference; lastKnownFileType = sourcecode.swift; path = UsersTests.swift; sourceTree = "<group>"; };
		07AAB87224CC287F006F14EE /* CatalogResult.swift */ = {isa = PBXFileReference; lastKnownFileType = sourcecode.swift; path = CatalogResult.swift; sourceTree = "<group>"; };
		07AAB87424CC2928006F14EE /* ProductResult.swift */ = {isa = PBXFileReference; lastKnownFileType = sourcecode.swift; path = ProductResult.swift; sourceTree = "<group>"; };
		07AAB87624CC29A7006F14EE /* CatalogTests.swift */ = {isa = PBXFileReference; lastKnownFileType = sourcecode.swift; path = CatalogTests.swift; sourceTree = "<group>"; };
		07AAB87924CC2CAE006F14EE /* Catalog.swift */ = {isa = PBXFileReference; lastKnownFileType = sourcecode.swift; path = Catalog.swift; sourceTree = "<group>"; };
		07AAB87B24CC2E1F006F14EE /* CatalogRequestFactory.swift */ = {isa = PBXFileReference; lastKnownFileType = sourcecode.swift; path = CatalogRequestFactory.swift; sourceTree = "<group>"; };
		07AAB87D24CC2EE7006F14EE /* CatalogRequestStruct.swift */ = {isa = PBXFileReference; lastKnownFileType = sourcecode.swift; path = CatalogRequestStruct.swift; sourceTree = "<group>"; };
		07B0DE9724DEFC5700AEE058 /* UIViewController+Ext.swift */ = {isa = PBXFileReference; lastKnownFileType = sourcecode.swift; path = "UIViewController+Ext.swift"; sourceTree = "<group>"; };
		07BE4D5C24DFFB1B00CA9995 /* GetUserDataResult.swift */ = {isa = PBXFileReference; lastKnownFileType = sourcecode.swift; path = GetUserDataResult.swift; sourceTree = "<group>"; };
		07E3E27B24D5777B006CBA6F /* UserStruct.swift */ = {isa = PBXFileReference; lastKnownFileType = sourcecode.swift; path = UserStruct.swift; sourceTree = "<group>"; };
		07E3E27E24D57E75006CBA6F /* RewievsRequestFactory.swift */ = {isa = PBXFileReference; lastKnownFileType = sourcecode.swift; path = RewievsRequestFactory.swift; sourceTree = "<group>"; };
		07E3E28124D57EF3006CBA6F /* GetReviewsResult.swift */ = {isa = PBXFileReference; lastKnownFileType = sourcecode.swift; path = GetReviewsResult.swift; sourceTree = "<group>"; };
		07E3E28324D57FAC006CBA6F /* Review.swift */ = {isa = PBXFileReference; lastKnownFileType = sourcecode.swift; path = Review.swift; sourceTree = "<group>"; };
		07E3E28524D58016006CBA6F /* AddReviewResult.swift */ = {isa = PBXFileReference; lastKnownFileType = sourcecode.swift; path = AddReviewResult.swift; sourceTree = "<group>"; };
		07E3E28724D580A3006CBA6F /* ApproveReviewResult.swift */ = {isa = PBXFileReference; lastKnownFileType = sourcecode.swift; path = ApproveReviewResult.swift; sourceTree = "<group>"; };
		07E3E28924D58101006CBA6F /* RemoveReviewResult.swift */ = {isa = PBXFileReference; lastKnownFileType = sourcecode.swift; path = RemoveReviewResult.swift; sourceTree = "<group>"; };
		07E3E28B24D58595006CBA6F /* Reviews.swift */ = {isa = PBXFileReference; lastKnownFileType = sourcecode.swift; path = Reviews.swift; sourceTree = "<group>"; };
		07E3E28D24D58642006CBA6F /* ReviewsRequestStruct.swift */ = {isa = PBXFileReference; lastKnownFileType = sourcecode.swift; path = ReviewsRequestStruct.swift; sourceTree = "<group>"; };
		07E3E28F24D58B38006CBA6F /* ReviewsTests.swift */ = {isa = PBXFileReference; lastKnownFileType = sourcecode.swift; path = ReviewsTests.swift; sourceTree = "<group>"; };
		07E7DCF424C2D9810097EEE6 /* GeekShop.app */ = {isa = PBXFileReference; explicitFileType = wrapper.application; includeInIndex = 0; path = GeekShop.app; sourceTree = BUILT_PRODUCTS_DIR; };
		07E7DCF724C2D9810097EEE6 /* AppDelegate.swift */ = {isa = PBXFileReference; lastKnownFileType = sourcecode.swift; path = AppDelegate.swift; sourceTree = "<group>"; };
		07E7DCF924C2D9810097EEE6 /* SceneDelegate.swift */ = {isa = PBXFileReference; lastKnownFileType = sourcecode.swift; path = SceneDelegate.swift; sourceTree = "<group>"; };
		07E7DD0024C2D9820097EEE6 /* Assets.xcassets */ = {isa = PBXFileReference; lastKnownFileType = folder.assetcatalog; path = Assets.xcassets; sourceTree = "<group>"; };
		07E7DD0324C2D9820097EEE6 /* Base */ = {isa = PBXFileReference; lastKnownFileType = file.storyboard; name = Base; path = Base.lproj/LaunchScreen.storyboard; sourceTree = "<group>"; };
		07E7DD0524C2D9820097EEE6 /* Info.plist */ = {isa = PBXFileReference; lastKnownFileType = text.plist.xml; path = Info.plist; sourceTree = "<group>"; };
		07E7DD0A24C2D9830097EEE6 /* GeekShopTests.xctest */ = {isa = PBXFileReference; explicitFileType = wrapper.cfbundle; includeInIndex = 0; path = GeekShopTests.xctest; sourceTree = BUILT_PRODUCTS_DIR; };
		07E7DD1024C2D9830097EEE6 /* Info.plist */ = {isa = PBXFileReference; lastKnownFileType = text.plist.xml; path = Info.plist; sourceTree = "<group>"; };
		07E7DD1524C2D9830097EEE6 /* GeekShopUITests.xctest */ = {isa = PBXFileReference; explicitFileType = wrapper.cfbundle; includeInIndex = 0; path = GeekShopUITests.xctest; sourceTree = BUILT_PRODUCTS_DIR; };
		07E7DD1924C2D9830097EEE6 /* GeekShopUITests.swift */ = {isa = PBXFileReference; lastKnownFileType = sourcecode.swift; path = GeekShopUITests.swift; sourceTree = "<group>"; };
		07E7DD1B24C2D9830097EEE6 /* Info.plist */ = {isa = PBXFileReference; lastKnownFileType = text.plist.xml; path = Info.plist; sourceTree = "<group>"; };
		07F4ADF024DEB92800E57958 /* Main.storyboard */ = {isa = PBXFileReference; lastKnownFileType = file.storyboard; path = Main.storyboard; sourceTree = "<group>"; };
		07F4ADF324DEBA3100E57958 /* LoginScreenController.swift */ = {isa = PBXFileReference; lastKnownFileType = sourcecode.swift; path = LoginScreenController.swift; sourceTree = "<group>"; };
		104C032B93F3FE558442B7BC /* Pods_GeekShop_GeekShopUITests.framework */ = {isa = PBXFileReference; explicitFileType = wrapper.framework; includeInIndex = 0; path = Pods_GeekShop_GeekShopUITests.framework; sourceTree = BUILT_PRODUCTS_DIR; };
		106FB099512EF0C8BBF87F9B /* Pods-GeekShop.release.xcconfig */ = {isa = PBXFileReference; includeInIndex = 1; lastKnownFileType = text.xcconfig; name = "Pods-GeekShop.release.xcconfig"; path = "Target Support Files/Pods-GeekShop/Pods-GeekShop.release.xcconfig"; sourceTree = "<group>"; };
		2716FC50453C412DA13C66BC /* Pods-GeekShop.debug.xcconfig */ = {isa = PBXFileReference; includeInIndex = 1; lastKnownFileType = text.xcconfig; name = "Pods-GeekShop.debug.xcconfig"; path = "Target Support Files/Pods-GeekShop/Pods-GeekShop.debug.xcconfig"; sourceTree = "<group>"; };
		2F5952BE811AC810BE177D7F /* Pods-GeekShop-GeekShopUITests.debug.xcconfig */ = {isa = PBXFileReference; includeInIndex = 1; lastKnownFileType = text.xcconfig; name = "Pods-GeekShop-GeekShopUITests.debug.xcconfig"; path = "Target Support Files/Pods-GeekShop-GeekShopUITests/Pods-GeekShop-GeekShopUITests.debug.xcconfig"; sourceTree = "<group>"; };
		45FC46E9F15BE894B31A2BB1 /* Pods-GeekShopTests.debug.xcconfig */ = {isa = PBXFileReference; includeInIndex = 1; lastKnownFileType = text.xcconfig; name = "Pods-GeekShopTests.debug.xcconfig"; path = "Target Support Files/Pods-GeekShopTests/Pods-GeekShopTests.debug.xcconfig"; sourceTree = "<group>"; };
		9DBAF821DE65590172ACA4D8 /* Pods-GeekShop-GeekShopUITests.release.xcconfig */ = {isa = PBXFileReference; includeInIndex = 1; lastKnownFileType = text.xcconfig; name = "Pods-GeekShop-GeekShopUITests.release.xcconfig"; path = "Target Support Files/Pods-GeekShop-GeekShopUITests/Pods-GeekShop-GeekShopUITests.release.xcconfig"; sourceTree = "<group>"; };
		DA8BC7674A03BD93F3282E14 /* Pods_GeekShop.framework */ = {isa = PBXFileReference; explicitFileType = wrapper.framework; includeInIndex = 0; path = Pods_GeekShop.framework; sourceTree = BUILT_PRODUCTS_DIR; };
		E656A089303AC4F5EAA42D68 /* Pods_GeekShopTests.framework */ = {isa = PBXFileReference; explicitFileType = wrapper.framework; includeInIndex = 0; path = Pods_GeekShopTests.framework; sourceTree = BUILT_PRODUCTS_DIR; };
		EE7EC025544BFA6FC1AB7855 /* Pods-GeekShopTests.release.xcconfig */ = {isa = PBXFileReference; includeInIndex = 1; lastKnownFileType = text.xcconfig; name = "Pods-GeekShopTests.release.xcconfig"; path = "Target Support Files/Pods-GeekShopTests/Pods-GeekShopTests.release.xcconfig"; sourceTree = "<group>"; };
/* End PBXFileReference section */

/* Begin PBXFrameworksBuildPhase section */
		07E7DCF124C2D9810097EEE6 /* Frameworks */ = {
			isa = PBXFrameworksBuildPhase;
			buildActionMask = 2147483647;
			files = (
				E2750E7D58BB1CD389B119D7 /* Pods_GeekShop.framework in Frameworks */,
			);
			runOnlyForDeploymentPostprocessing = 0;
		};
		07E7DD0724C2D9830097EEE6 /* Frameworks */ = {
			isa = PBXFrameworksBuildPhase;
			buildActionMask = 2147483647;
			files = (
				3E854C4E947216D5509B1012 /* Pods_GeekShopTests.framework in Frameworks */,
			);
			runOnlyForDeploymentPostprocessing = 0;
		};
		07E7DD1224C2D9830097EEE6 /* Frameworks */ = {
			isa = PBXFrameworksBuildPhase;
			buildActionMask = 2147483647;
			files = (
				A1B2A995DE20AA9282D2381F /* Pods_GeekShop_GeekShopUITests.framework in Frameworks */,
			);
			runOnlyForDeploymentPostprocessing = 0;
		};
/* End PBXFrameworksBuildPhase section */

/* Begin PBXGroup section */
		0705D40C24D9B7B0002141F5 /* Basket */ = {
			isa = PBXGroup;
			children = (
				0705D40D24D9B82D002141F5 /* BasketRequestFactory.swift */,
				0705D41A24D9BC0C002141F5 /* BasketRequestStruct.swift */,
				0705D41824D9BB5F002141F5 /* Basket.swift */,
			);
			path = Basket;
			sourceTree = "<group>";
		};
		0705D41124D9B9A2002141F5 /* Basket */ = {
			isa = PBXGroup;
			children = (
				0705D40F24D9B996002141F5 /* GetBasketResult.swift */,
				0705D41224D9BAC5002141F5 /* AddToBasketResult.swift */,
				0705D41424D9BAEB002141F5 /* RemoveFromBasketResult.swift */,
				0705D41624D9BB14002141F5 /* PayOrderResult.swift */,
			);
			path = Basket;
			sourceTree = "<group>";
		};
		07226C7224DF045E00173A97 /* RegisterScreen */ = {
			isa = PBXGroup;
			children = (
				07226C7324DF047500173A97 /* RegisterViewController.swift */,
			);
			path = RegisterScreen;
			sourceTree = "<group>";
		};
		07226C7524DFDEA300173A97 /* ProfileScreen */ = {
			isa = PBXGroup;
			children = (
				07226C7624DFDEC500173A97 /* ProfileViewController.swift */,
			);
			path = ProfileScreen;
			sourceTree = "<group>";
		};
		07393BD124C47156007A1738 /* Network */ = {
			isa = PBXGroup;
			children = (
				07393BE524C4818C007A1738 /* AbstractRequestFactory.swift */,
				07393BD224C4717C007A1738 /* AbstractErrorParser.swift */,
				07393BD424C471C8007A1738 /* ErrorParser.swift */,
				07393BD824C47852007A1738 /* RequestRouter.swift */,
				07393BD624C471F9007A1738 /* ResponseCodable.swift */,
			);
			path = Network;
			sourceTree = "<group>";
		};
		07393BDC24C47B50007A1738 /* Network */ = {
			isa = PBXGroup;
			children = (
				07393BE124C47F04007A1738 /* RequestFactory.swift */,
				0705D40C24D9B7B0002141F5 /* Basket */,
				07E3E27D24D57E4F006CBA6F /* Reviews */,
				07AAB87824CC2C9F006F14EE /* Goods */,
				0778A72424CC265B00292C29 /* Users */,
			);
			path = Network;
			sourceTree = "<group>";
		};
		074C118A24DEFBDC00C0F389 /* Helpers */ = {
			isa = PBXGroup;
			children = (
				07B0DE9724DEFC5700AEE058 /* UIViewController+Ext.swift */,
				071C85B924DFF06E002039E8 /* UserProfileVerifier.swift */,
			);
			path = Helpers;
			sourceTree = "<group>";
		};
		075B80B724E4484B00C76DBA /* CatalogScreen */ = {
			isa = PBXGroup;
			children = (
				075B80B824E4486300C76DBA /* CatalogViewController.swift */,
				075B80BA24E44B5C00C76DBA /* CatalogTableViewCell.swift */,
			);
			path = CatalogScreen;
			sourceTree = "<group>";
		};
		0778A72424CC265B00292C29 /* Users */ = {
			isa = PBXGroup;
			children = (
				07520C5724CBFA69003DDE52 /* UsersRequestFactory.swift */,
				07520C5B24CBFF6C003DDE52 /* UsersRequestStruct.swift */,
				07520C5924CBFA8D003DDE52 /* Users.swift */,
			);
			path = Users;
			sourceTree = "<group>";
		};
		07AAB87124CC286A006F14EE /* Goods */ = {
			isa = PBXGroup;
			children = (
				07AAB87224CC287F006F14EE /* CatalogResult.swift */,
				07AAB87424CC2928006F14EE /* ProductResult.swift */,
			);
			path = Goods;
			sourceTree = "<group>";
		};
		07AAB87824CC2C9F006F14EE /* Goods */ = {
			isa = PBXGroup;
			children = (
				07AAB87B24CC2E1F006F14EE /* CatalogRequestFactory.swift */,
				07AAB87D24CC2EE7006F14EE /* CatalogRequestStruct.swift */,
				07AAB87924CC2CAE006F14EE /* Catalog.swift */,
			);
			path = Goods;
			sourceTree = "<group>";
		};
		07B38C0E24CC0331005E0413 /* Users */ = {
			isa = PBXGroup;
			children = (
				07393BED24C4AA46007A1738 /* RegisterResult.swift */,
				07393BE324C4801E007A1738 /* UserResult.swift */,
				07393BDA24C4794F007A1738 /* LoginResult.swift */,
				07393BE724C482BE007A1738 /* LogoutResult.swift */,
				07393BEF24C4AE4D007A1738 /* ChangeUserDataResult.swift */,
				07BE4D5C24DFFB1B00CA9995 /* GetUserDataResult.swift */,
				07E3E27B24D5777B006CBA6F /* UserStruct.swift */,
			);
			path = Users;
			sourceTree = "<group>";
		};
		07E3E27D24D57E4F006CBA6F /* Reviews */ = {
			isa = PBXGroup;
			children = (
				07E3E27E24D57E75006CBA6F /* RewievsRequestFactory.swift */,
				07E3E28D24D58642006CBA6F /* ReviewsRequestStruct.swift */,
				07E3E28B24D58595006CBA6F /* Reviews.swift */,
			);
			path = Reviews;
			sourceTree = "<group>";
		};
		07E3E28024D57EDC006CBA6F /* Reviews */ = {
			isa = PBXGroup;
			children = (
				07E3E28524D58016006CBA6F /* AddReviewResult.swift */,
				07E3E28124D57EF3006CBA6F /* GetReviewsResult.swift */,
				07E3E28724D580A3006CBA6F /* ApproveReviewResult.swift */,
				07E3E28924D58101006CBA6F /* RemoveReviewResult.swift */,
				07E3E28324D57FAC006CBA6F /* Review.swift */,
			);
			path = Reviews;
			sourceTree = "<group>";
		};
		07E7DCEB24C2D9810097EEE6 = {
			isa = PBXGroup;
			children = (
				07E7DCF624C2D9810097EEE6 /* GeekShop */,
				07E7DD0D24C2D9830097EEE6 /* GeekShopTests */,
				07E7DD1824C2D9830097EEE6 /* GeekShopUITests */,
				07E7DCF524C2D9810097EEE6 /* Products */,
				E11EB4032376FB011774D3B7 /* Pods */,
				B27E03B9724EACCABF4C2CBF /* Frameworks */,
			);
			sourceTree = "<group>";
		};
		07E7DCF524C2D9810097EEE6 /* Products */ = {
			isa = PBXGroup;
			children = (
				07E7DCF424C2D9810097EEE6 /* GeekShop.app */,
				07E7DD0A24C2D9830097EEE6 /* GeekShopTests.xctest */,
				07E7DD1524C2D9830097EEE6 /* GeekShopUITests.xctest */,
			);
			name = Products;
			sourceTree = "<group>";
		};
		07E7DCF624C2D9810097EEE6 /* GeekShop */ = {
			isa = PBXGroup;
			children = (
				07E7DD2724C2D9D00097EEE6 /* App */,
				07E7DCF724C2D9810097EEE6 /* AppDelegate.swift */,
				07E7DCF924C2D9810097EEE6 /* SceneDelegate.swift */,
				07E7DD2824C2D9D50097EEE6 /* Core */,
				07E7DD2924C2D9E80097EEE6 /* Resources */,
				07E7DD2A24C2DA020097EEE6 /* Environments */,
			);
			path = GeekShop;
			sourceTree = "<group>";
		};
		07E7DD0D24C2D9830097EEE6 /* GeekShopTests */ = {
			isa = PBXGroup;
			children = (
				07E7DD1024C2D9830097EEE6 /* Info.plist */,
				0778A72024CC187F00292C29 /* ResponseCodableTests.swift */,
				0778A72224CC1B3500292C29 /* UsersTests.swift */,
				07AAB87624CC29A7006F14EE /* CatalogTests.swift */,
				07E3E28F24D58B38006CBA6F /* ReviewsTests.swift */,
				0705D41C24D9BE5A002141F5 /* BasketTests.swift */,
			);
			path = GeekShopTests;
			sourceTree = "<group>";
		};
		07E7DD1824C2D9830097EEE6 /* GeekShopUITests */ = {
			isa = PBXGroup;
			children = (
				07E7DD1924C2D9830097EEE6 /* GeekShopUITests.swift */,
				07E7DD1B24C2D9830097EEE6 /* Info.plist */,
			);
			path = GeekShopUITests;
			sourceTree = "<group>";
		};
		07E7DD2724C2D9D00097EEE6 /* App */ = {
			isa = PBXGroup;
			children = (
				07E7DD2F24C2DA370097EEE6 /* BusinessLogic */,
				07E7DD2E24C2DA300097EEE6 /* Entity */,
				07E7DD2D24C2DA2A0097EEE6 /* Assembly */,
				07E7DD2C24C2DA240097EEE6 /* Flows */,
			);
			path = App;
			sourceTree = "<group>";
		};
		07E7DD2824C2D9D50097EEE6 /* Core */ = {
			isa = PBXGroup;
			children = (
				074C118A24DEFBDC00C0F389 /* Helpers */,
				07393BD124C47156007A1738 /* Network */,
			);
			path = Core;
			sourceTree = "<group>";
		};
		07E7DD2924C2D9E80097EEE6 /* Resources */ = {
			isa = PBXGroup;
			children = (
				07E7DD0024C2D9820097EEE6 /* Assets.xcassets */,
				07E7DD0224C2D9820097EEE6 /* LaunchScreen.storyboard */,
				07F4ADF024DEB92800E57958 /* Main.storyboard */,
				07E7DD0524C2D9820097EEE6 /* Info.plist */,
			);
			path = Resources;
			sourceTree = "<group>";
		};
		07E7DD2A24C2DA020097EEE6 /* Environments */ = {
			isa = PBXGroup;
			children = (
			);
			path = Environments;
			sourceTree = "<group>";
		};
		07E7DD2C24C2DA240097EEE6 /* Flows */ = {
			isa = PBXGroup;
			children = (
				075B80B724E4484B00C76DBA /* CatalogScreen */,
				07226C7524DFDEA300173A97 /* ProfileScreen */,
				07F4ADF224DEBA0700E57958 /* LoginScreen */,
				07226C7224DF045E00173A97 /* RegisterScreen */,
			);
			path = Flows;
			sourceTree = "<group>";
		};
		07E7DD2D24C2DA2A0097EEE6 /* Assembly */ = {
			isa = PBXGroup;
			children = (
			);
			path = Assembly;
			sourceTree = "<group>";
		};
		07E7DD2E24C2DA300097EEE6 /* Entity */ = {
			isa = PBXGroup;
			children = (
				0705D41124D9B9A2002141F5 /* Basket */,
				07E3E28024D57EDC006CBA6F /* Reviews */,
				07AAB87124CC286A006F14EE /* Goods */,
				07B38C0E24CC0331005E0413 /* Users */,
			);
			path = Entity;
			sourceTree = "<group>";
		};
		07E7DD2F24C2DA370097EEE6 /* BusinessLogic */ = {
			isa = PBXGroup;
			children = (
				07393BDC24C47B50007A1738 /* Network */,
			);
			path = BusinessLogic;
			sourceTree = "<group>";
		};
		07F4ADF224DEBA0700E57958 /* LoginScreen */ = {
			isa = PBXGroup;
			children = (
				07F4ADF324DEBA3100E57958 /* LoginScreenController.swift */,
			);
			path = LoginScreen;
			sourceTree = "<group>";
		};
		B27E03B9724EACCABF4C2CBF /* Frameworks */ = {
			isa = PBXGroup;
			children = (
				DA8BC7674A03BD93F3282E14 /* Pods_GeekShop.framework */,
				104C032B93F3FE558442B7BC /* Pods_GeekShop_GeekShopUITests.framework */,
				E656A089303AC4F5EAA42D68 /* Pods_GeekShopTests.framework */,
			);
			name = Frameworks;
			sourceTree = "<group>";
		};
		E11EB4032376FB011774D3B7 /* Pods */ = {
			isa = PBXGroup;
			children = (
				2716FC50453C412DA13C66BC /* Pods-GeekShop.debug.xcconfig */,
				106FB099512EF0C8BBF87F9B /* Pods-GeekShop.release.xcconfig */,
				2F5952BE811AC810BE177D7F /* Pods-GeekShop-GeekShopUITests.debug.xcconfig */,
				9DBAF821DE65590172ACA4D8 /* Pods-GeekShop-GeekShopUITests.release.xcconfig */,
				45FC46E9F15BE894B31A2BB1 /* Pods-GeekShopTests.debug.xcconfig */,
				EE7EC025544BFA6FC1AB7855 /* Pods-GeekShopTests.release.xcconfig */,
			);
			path = Pods;
			sourceTree = "<group>";
		};
/* End PBXGroup section */

/* Begin PBXNativeTarget section */
		07E7DCF324C2D9810097EEE6 /* GeekShop */ = {
			isa = PBXNativeTarget;
			buildConfigurationList = 07E7DD1E24C2D9830097EEE6 /* Build configuration list for PBXNativeTarget "GeekShop" */;
			buildPhases = (
				B3CA22D2E7E977BE37871D58 /* [CP] Check Pods Manifest.lock */,
				07E7DCF024C2D9810097EEE6 /* Sources */,
				07E7DCF124C2D9810097EEE6 /* Frameworks */,
				07E7DCF224C2D9810097EEE6 /* Resources */,
				7202F94C43FD178DC6CAFF11 /* [CP] Embed Pods Frameworks */,
				07F3D05424D569FD00602E83 /* ShellScript */,
			);
			buildRules = (
			);
			dependencies = (
			);
			name = GeekShop;
			productName = GeekShop;
			productReference = 07E7DCF424C2D9810097EEE6 /* GeekShop.app */;
			productType = "com.apple.product-type.application";
		};
		07E7DD0924C2D9830097EEE6 /* GeekShopTests */ = {
			isa = PBXNativeTarget;
			buildConfigurationList = 07E7DD2124C2D9830097EEE6 /* Build configuration list for PBXNativeTarget "GeekShopTests" */;
			buildPhases = (
				35DE55B25913E4FC60C87273 /* [CP] Check Pods Manifest.lock */,
				07E7DD0624C2D9830097EEE6 /* Sources */,
				07E7DD0724C2D9830097EEE6 /* Frameworks */,
				07E7DD0824C2D9830097EEE6 /* Resources */,
			);
			buildRules = (
			);
			dependencies = (
				07E7DD0C24C2D9830097EEE6 /* PBXTargetDependency */,
			);
			name = GeekShopTests;
			productName = GeekShopTests;
			productReference = 07E7DD0A24C2D9830097EEE6 /* GeekShopTests.xctest */;
			productType = "com.apple.product-type.bundle.unit-test";
		};
		07E7DD1424C2D9830097EEE6 /* GeekShopUITests */ = {
			isa = PBXNativeTarget;
			buildConfigurationList = 07E7DD2424C2D9830097EEE6 /* Build configuration list for PBXNativeTarget "GeekShopUITests" */;
			buildPhases = (
				318925B14A0F1E25919CAB0B /* [CP] Check Pods Manifest.lock */,
				07E7DD1124C2D9830097EEE6 /* Sources */,
				07E7DD1224C2D9830097EEE6 /* Frameworks */,
				07E7DD1324C2D9830097EEE6 /* Resources */,
				A035DDC5E0856236CB663BC4 /* [CP] Embed Pods Frameworks */,
			);
			buildRules = (
			);
			dependencies = (
				07E7DD1724C2D9830097EEE6 /* PBXTargetDependency */,
			);
			name = GeekShopUITests;
			productName = GeekShopUITests;
			productReference = 07E7DD1524C2D9830097EEE6 /* GeekShopUITests.xctest */;
			productType = "com.apple.product-type.bundle.ui-testing";
		};
/* End PBXNativeTarget section */

/* Begin PBXProject section */
		07E7DCEC24C2D9810097EEE6 /* Project object */ = {
			isa = PBXProject;
			attributes = {
				LastSwiftUpdateCheck = 1160;
				LastUpgradeCheck = 1160;
				ORGANIZATIONNAME = "Григорий Мартюшин";
				TargetAttributes = {
					07E7DCF324C2D9810097EEE6 = {
						CreatedOnToolsVersion = 11.6;
					};
					07E7DD0924C2D9830097EEE6 = {
						CreatedOnToolsVersion = 11.6;
						TestTargetID = 07E7DCF324C2D9810097EEE6;
					};
					07E7DD1424C2D9830097EEE6 = {
						CreatedOnToolsVersion = 11.6;
						TestTargetID = 07E7DCF324C2D9810097EEE6;
					};
				};
			};
			buildConfigurationList = 07E7DCEF24C2D9810097EEE6 /* Build configuration list for PBXProject "GeekShop" */;
			compatibilityVersion = "Xcode 9.3";
			developmentRegion = en;
			hasScannedForEncodings = 0;
			knownRegions = (
				en,
				Base,
			);
			mainGroup = 07E7DCEB24C2D9810097EEE6;
			productRefGroup = 07E7DCF524C2D9810097EEE6 /* Products */;
			projectDirPath = "";
			projectRoot = "";
			targets = (
				07E7DCF324C2D9810097EEE6 /* GeekShop */,
				07E7DD0924C2D9830097EEE6 /* GeekShopTests */,
				07E7DD1424C2D9830097EEE6 /* GeekShopUITests */,
			);
		};
/* End PBXProject section */

/* Begin PBXResourcesBuildPhase section */
		07E7DCF224C2D9810097EEE6 /* Resources */ = {
			isa = PBXResourcesBuildPhase;
			buildActionMask = 2147483647;
			files = (
				07F4ADF124DEB92800E57958 /* Main.storyboard in Resources */,
				07E7DD0424C2D9820097EEE6 /* LaunchScreen.storyboard in Resources */,
				07E7DD0124C2D9820097EEE6 /* Assets.xcassets in Resources */,
			);
			runOnlyForDeploymentPostprocessing = 0;
		};
		07E7DD0824C2D9830097EEE6 /* Resources */ = {
			isa = PBXResourcesBuildPhase;
			buildActionMask = 2147483647;
			files = (
			);
			runOnlyForDeploymentPostprocessing = 0;
		};
		07E7DD1324C2D9830097EEE6 /* Resources */ = {
			isa = PBXResourcesBuildPhase;
			buildActionMask = 2147483647;
			files = (
			);
			runOnlyForDeploymentPostprocessing = 0;
		};
/* End PBXResourcesBuildPhase section */

/* Begin PBXShellScriptBuildPhase section */
		07F3D05424D569FD00602E83 /* ShellScript */ = {
			isa = PBXShellScriptBuildPhase;
			buildActionMask = 2147483647;
			files = (
			);
			inputFileListPaths = (
			);
			inputPaths = (
			);
			outputFileListPaths = (
			);
			outputPaths = (
			);
			runOnlyForDeploymentPostprocessing = 0;
			shellPath = /bin/sh;
			shellScript = "if which swiftlint >/dev/null; then\n  swiftlint\nelse\n  echo \"error: SwiftLint does not exist, download it from https://github.com/realm/SwiftLint\"\n  exit 1\nfi\n";
			showEnvVarsInLog = 0;
		};
		318925B14A0F1E25919CAB0B /* [CP] Check Pods Manifest.lock */ = {
			isa = PBXShellScriptBuildPhase;
			buildActionMask = 2147483647;
			files = (
			);
			inputFileListPaths = (
			);
			inputPaths = (
				"${PODS_PODFILE_DIR_PATH}/Podfile.lock",
				"${PODS_ROOT}/Manifest.lock",
			);
			name = "[CP] Check Pods Manifest.lock";
			outputFileListPaths = (
			);
			outputPaths = (
				"$(DERIVED_FILE_DIR)/Pods-GeekShop-GeekShopUITests-checkManifestLockResult.txt",
			);
			runOnlyForDeploymentPostprocessing = 0;
			shellPath = /bin/sh;
			shellScript = "diff \"${PODS_PODFILE_DIR_PATH}/Podfile.lock\" \"${PODS_ROOT}/Manifest.lock\" > /dev/null\nif [ $? != 0 ] ; then\n    # print error to STDERR\n    echo \"error: The sandbox is not in sync with the Podfile.lock. Run 'pod install' or update your CocoaPods installation.\" >&2\n    exit 1\nfi\n# This output is used by Xcode 'outputs' to avoid re-running this script phase.\necho \"SUCCESS\" > \"${SCRIPT_OUTPUT_FILE_0}\"\n";
			showEnvVarsInLog = 0;
		};
		35DE55B25913E4FC60C87273 /* [CP] Check Pods Manifest.lock */ = {
			isa = PBXShellScriptBuildPhase;
			buildActionMask = 2147483647;
			files = (
			);
			inputFileListPaths = (
			);
			inputPaths = (
				"${PODS_PODFILE_DIR_PATH}/Podfile.lock",
				"${PODS_ROOT}/Manifest.lock",
			);
			name = "[CP] Check Pods Manifest.lock";
			outputFileListPaths = (
			);
			outputPaths = (
				"$(DERIVED_FILE_DIR)/Pods-GeekShopTests-checkManifestLockResult.txt",
			);
			runOnlyForDeploymentPostprocessing = 0;
			shellPath = /bin/sh;
			shellScript = "diff \"${PODS_PODFILE_DIR_PATH}/Podfile.lock\" \"${PODS_ROOT}/Manifest.lock\" > /dev/null\nif [ $? != 0 ] ; then\n    # print error to STDERR\n    echo \"error: The sandbox is not in sync with the Podfile.lock. Run 'pod install' or update your CocoaPods installation.\" >&2\n    exit 1\nfi\n# This output is used by Xcode 'outputs' to avoid re-running this script phase.\necho \"SUCCESS\" > \"${SCRIPT_OUTPUT_FILE_0}\"\n";
			showEnvVarsInLog = 0;
		};
		7202F94C43FD178DC6CAFF11 /* [CP] Embed Pods Frameworks */ = {
			isa = PBXShellScriptBuildPhase;
			buildActionMask = 2147483647;
			files = (
			);
			inputFileListPaths = (
				"${PODS_ROOT}/Target Support Files/Pods-GeekShop/Pods-GeekShop-frameworks-${CONFIGURATION}-input-files.xcfilelist",
			);
			name = "[CP] Embed Pods Frameworks";
			outputFileListPaths = (
				"${PODS_ROOT}/Target Support Files/Pods-GeekShop/Pods-GeekShop-frameworks-${CONFIGURATION}-output-files.xcfilelist",
			);
			runOnlyForDeploymentPostprocessing = 0;
			shellPath = /bin/sh;
			shellScript = "\"${PODS_ROOT}/Target Support Files/Pods-GeekShop/Pods-GeekShop-frameworks.sh\"\n";
			showEnvVarsInLog = 0;
		};
		A035DDC5E0856236CB663BC4 /* [CP] Embed Pods Frameworks */ = {
			isa = PBXShellScriptBuildPhase;
			buildActionMask = 2147483647;
			files = (
			);
			inputFileListPaths = (
				"${PODS_ROOT}/Target Support Files/Pods-GeekShop-GeekShopUITests/Pods-GeekShop-GeekShopUITests-frameworks-${CONFIGURATION}-input-files.xcfilelist",
			);
			name = "[CP] Embed Pods Frameworks";
			outputFileListPaths = (
				"${PODS_ROOT}/Target Support Files/Pods-GeekShop-GeekShopUITests/Pods-GeekShop-GeekShopUITests-frameworks-${CONFIGURATION}-output-files.xcfilelist",
			);
			runOnlyForDeploymentPostprocessing = 0;
			shellPath = /bin/sh;
			shellScript = "\"${PODS_ROOT}/Target Support Files/Pods-GeekShop-GeekShopUITests/Pods-GeekShop-GeekShopUITests-frameworks.sh\"\n";
			showEnvVarsInLog = 0;
		};
		B3CA22D2E7E977BE37871D58 /* [CP] Check Pods Manifest.lock */ = {
			isa = PBXShellScriptBuildPhase;
			buildActionMask = 2147483647;
			files = (
			);
			inputFileListPaths = (
			);
			inputPaths = (
				"${PODS_PODFILE_DIR_PATH}/Podfile.lock",
				"${PODS_ROOT}/Manifest.lock",
			);
			name = "[CP] Check Pods Manifest.lock";
			outputFileListPaths = (
			);
			outputPaths = (
				"$(DERIVED_FILE_DIR)/Pods-GeekShop-checkManifestLockResult.txt",
			);
			runOnlyForDeploymentPostprocessing = 0;
			shellPath = /bin/sh;
			shellScript = "diff \"${PODS_PODFILE_DIR_PATH}/Podfile.lock\" \"${PODS_ROOT}/Manifest.lock\" > /dev/null\nif [ $? != 0 ] ; then\n    # print error to STDERR\n    echo \"error: The sandbox is not in sync with the Podfile.lock. Run 'pod install' or update your CocoaPods installation.\" >&2\n    exit 1\nfi\n# This output is used by Xcode 'outputs' to avoid re-running this script phase.\necho \"SUCCESS\" > \"${SCRIPT_OUTPUT_FILE_0}\"\n";
			showEnvVarsInLog = 0;
		};
/* End PBXShellScriptBuildPhase section */

/* Begin PBXSourcesBuildPhase section */
		07E7DCF024C2D9810097EEE6 /* Sources */ = {
			isa = PBXSourcesBuildPhase;
			buildActionMask = 2147483647;
			files = (
				07393BD324C4717C007A1738 /* AbstractErrorParser.swift in Sources */,
				0705D41B24D9BC0C002141F5 /* BasketRequestStruct.swift in Sources */,
				0705D41324D9BAC5002141F5 /* AddToBasketResult.swift in Sources */,
				07393BF024C4AE4D007A1738 /* ChangeUserDataResult.swift in Sources */,
				07AAB87E24CC2EE7006F14EE /* CatalogRequestStruct.swift in Sources */,
				07393BDB24C4794F007A1738 /* LoginResult.swift in Sources */,
				07393BEE24C4AA46007A1738 /* RegisterResult.swift in Sources */,
				07F4ADF424DEBA3100E57958 /* LoginScreenController.swift in Sources */,
				07E3E28224D57EF3006CBA6F /* GetReviewsResult.swift in Sources */,
				07393BE824C482BE007A1738 /* LogoutResult.swift in Sources */,
				07AAB87324CC287F006F14EE /* CatalogResult.swift in Sources */,
				07226C7424DF047500173A97 /* RegisterViewController.swift in Sources */,
				075B80B924E4486300C76DBA /* CatalogViewController.swift in Sources */,
				07393BD724C471F9007A1738 /* ResponseCodable.swift in Sources */,
				0705D41024D9B996002141F5 /* GetBasketResult.swift in Sources */,
				07393BD924C47852007A1738 /* RequestRouter.swift in Sources */,
				07B0DE9824DEFC5700AEE058 /* UIViewController+Ext.swift in Sources */,
				07E3E28A24D58101006CBA6F /* RemoveReviewResult.swift in Sources */,
				07226C7724DFDEC500173A97 /* ProfileViewController.swift in Sources */,
				07E3E28424D57FAC006CBA6F /* Review.swift in Sources */,
				07520C5824CBFA69003DDE52 /* UsersRequestFactory.swift in Sources */,
				07E3E28824D580A3006CBA6F /* ApproveReviewResult.swift in Sources */,
				07393BE624C4818C007A1738 /* AbstractRequestFactory.swift in Sources */,
				07520C5C24CBFF6C003DDE52 /* UsersRequestStruct.swift in Sources */,
				075B80BB24E44B5C00C76DBA /* CatalogTableViewCell.swift in Sources */,
				07E3E28E24D58642006CBA6F /* ReviewsRequestStruct.swift in Sources */,
				07AAB87524CC2928006F14EE /* ProductResult.swift in Sources */,
				07E7DCF824C2D9810097EEE6 /* AppDelegate.swift in Sources */,
				07E3E28624D58016006CBA6F /* AddReviewResult.swift in Sources */,
				07AAB87A24CC2CAE006F14EE /* Catalog.swift in Sources */,
				07AAB87C24CC2E1F006F14EE /* CatalogRequestFactory.swift in Sources */,
				07E7DCFA24C2D9810097EEE6 /* SceneDelegate.swift in Sources */,
				07E3E27C24D5777B006CBA6F /* UserStruct.swift in Sources */,
				07393BE224C47F04007A1738 /* RequestFactory.swift in Sources */,
				0705D40E24D9B82D002141F5 /* BasketRequestFactory.swift in Sources */,
				07E3E27F24D57E75006CBA6F /* RewievsRequestFactory.swift in Sources */,
				0705D41724D9BB14002141F5 /* PayOrderResult.swift in Sources */,
				07E3E28C24D58595006CBA6F /* Reviews.swift in Sources */,
				07393BD524C471C8007A1738 /* ErrorParser.swift in Sources */,
				07393BE424C4801E007A1738 /* UserResult.swift in Sources */,
				0705D41924D9BB5F002141F5 /* Basket.swift in Sources */,
				0705D41524D9BAEB002141F5 /* RemoveFromBasketResult.swift in Sources */,
				07BE4D5D24DFFB1B00CA9995 /* GetUserDataResult.swift in Sources */,
				071C85BA24DFF06E002039E8 /* UserProfileVerifier.swift in Sources */,
				07520C5A24CBFA8D003DDE52 /* Users.swift in Sources */,
			);
			runOnlyForDeploymentPostprocessing = 0;
		};
		07E7DD0624C2D9830097EEE6 /* Sources */ = {
			isa = PBXSourcesBuildPhase;
			buildActionMask = 2147483647;
			files = (
				07AAB87724CC29A7006F14EE /* CatalogTests.swift in Sources */,
				0705D41D24D9BE5A002141F5 /* BasketTests.swift in Sources */,
				07E3E29024D58B38006CBA6F /* ReviewsTests.swift in Sources */,
				0778A72324CC1B3500292C29 /* UsersTests.swift in Sources */,
				0778A72124CC187F00292C29 /* ResponseCodableTests.swift in Sources */,
			);
			runOnlyForDeploymentPostprocessing = 0;
		};
		07E7DD1124C2D9830097EEE6 /* Sources */ = {
			isa = PBXSourcesBuildPhase;
			buildActionMask = 2147483647;
			files = (
				07E7DD1A24C2D9830097EEE6 /* GeekShopUITests.swift in Sources */,
			);
			runOnlyForDeploymentPostprocessing = 0;
		};
/* End PBXSourcesBuildPhase section */

/* Begin PBXTargetDependency section */
		07E7DD0C24C2D9830097EEE6 /* PBXTargetDependency */ = {
			isa = PBXTargetDependency;
			target = 07E7DCF324C2D9810097EEE6 /* GeekShop */;
			targetProxy = 07E7DD0B24C2D9830097EEE6 /* PBXContainerItemProxy */;
		};
		07E7DD1724C2D9830097EEE6 /* PBXTargetDependency */ = {
			isa = PBXTargetDependency;
			target = 07E7DCF324C2D9810097EEE6 /* GeekShop */;
			targetProxy = 07E7DD1624C2D9830097EEE6 /* PBXContainerItemProxy */;
		};
/* End PBXTargetDependency section */

/* Begin PBXVariantGroup section */
		07E7DD0224C2D9820097EEE6 /* LaunchScreen.storyboard */ = {
			isa = PBXVariantGroup;
			children = (
				07E7DD0324C2D9820097EEE6 /* Base */,
			);
			name = LaunchScreen.storyboard;
			sourceTree = "<group>";
		};
/* End PBXVariantGroup section */

/* Begin XCBuildConfiguration section */
		07E7DD1C24C2D9830097EEE6 /* Debug */ = {
			isa = XCBuildConfiguration;
			buildSettings = {
				ALWAYS_SEARCH_USER_PATHS = NO;
				CLANG_ANALYZER_NONNULL = YES;
				CLANG_ANALYZER_NUMBER_OBJECT_CONVERSION = YES_AGGRESSIVE;
				CLANG_CXX_LANGUAGE_STANDARD = "gnu++14";
				CLANG_CXX_LIBRARY = "libc++";
				CLANG_ENABLE_MODULES = YES;
				CLANG_ENABLE_OBJC_ARC = YES;
				CLANG_ENABLE_OBJC_WEAK = YES;
				CLANG_WARN_BLOCK_CAPTURE_AUTORELEASING = YES;
				CLANG_WARN_BOOL_CONVERSION = YES;
				CLANG_WARN_COMMA = YES;
				CLANG_WARN_CONSTANT_CONVERSION = YES;
				CLANG_WARN_DEPRECATED_OBJC_IMPLEMENTATIONS = YES;
				CLANG_WARN_DIRECT_OBJC_ISA_USAGE = YES_ERROR;
				CLANG_WARN_DOCUMENTATION_COMMENTS = YES;
				CLANG_WARN_EMPTY_BODY = YES;
				CLANG_WARN_ENUM_CONVERSION = YES;
				CLANG_WARN_INFINITE_RECURSION = YES;
				CLANG_WARN_INT_CONVERSION = YES;
				CLANG_WARN_NON_LITERAL_NULL_CONVERSION = YES;
				CLANG_WARN_OBJC_IMPLICIT_RETAIN_SELF = YES;
				CLANG_WARN_OBJC_LITERAL_CONVERSION = YES;
				CLANG_WARN_OBJC_ROOT_CLASS = YES_ERROR;
				CLANG_WARN_RANGE_LOOP_ANALYSIS = YES;
				CLANG_WARN_STRICT_PROTOTYPES = YES;
				CLANG_WARN_SUSPICIOUS_MOVE = YES;
				CLANG_WARN_UNGUARDED_AVAILABILITY = YES_AGGRESSIVE;
				CLANG_WARN_UNREACHABLE_CODE = YES;
				CLANG_WARN__DUPLICATE_METHOD_MATCH = YES;
				COPY_PHASE_STRIP = NO;
				DEBUG_INFORMATION_FORMAT = dwarf;
				ENABLE_STRICT_OBJC_MSGSEND = YES;
				ENABLE_TESTABILITY = YES;
				GCC_C_LANGUAGE_STANDARD = gnu11;
				GCC_DYNAMIC_NO_PIC = NO;
				GCC_NO_COMMON_BLOCKS = YES;
				GCC_OPTIMIZATION_LEVEL = 0;
				GCC_PREPROCESSOR_DEFINITIONS = (
					"DEBUG=1",
					"$(inherited)",
				);
				GCC_WARN_64_TO_32_BIT_CONVERSION = YES;
				GCC_WARN_ABOUT_RETURN_TYPE = YES_ERROR;
				GCC_WARN_UNDECLARED_SELECTOR = YES;
				GCC_WARN_UNINITIALIZED_AUTOS = YES_AGGRESSIVE;
				GCC_WARN_UNUSED_FUNCTION = YES;
				GCC_WARN_UNUSED_VARIABLE = YES;
				IPHONEOS_DEPLOYMENT_TARGET = 13.6;
				MTL_ENABLE_DEBUG_INFO = INCLUDE_SOURCE;
				MTL_FAST_MATH = YES;
				ONLY_ACTIVE_ARCH = YES;
				SDKROOT = iphoneos;
				SWIFT_ACTIVE_COMPILATION_CONDITIONS = DEBUG;
				SWIFT_OPTIMIZATION_LEVEL = "-Onone";
			};
			name = Debug;
		};
		07E7DD1D24C2D9830097EEE6 /* Release */ = {
			isa = XCBuildConfiguration;
			buildSettings = {
				ALWAYS_SEARCH_USER_PATHS = NO;
				CLANG_ANALYZER_NONNULL = YES;
				CLANG_ANALYZER_NUMBER_OBJECT_CONVERSION = YES_AGGRESSIVE;
				CLANG_CXX_LANGUAGE_STANDARD = "gnu++14";
				CLANG_CXX_LIBRARY = "libc++";
				CLANG_ENABLE_MODULES = YES;
				CLANG_ENABLE_OBJC_ARC = YES;
				CLANG_ENABLE_OBJC_WEAK = YES;
				CLANG_WARN_BLOCK_CAPTURE_AUTORELEASING = YES;
				CLANG_WARN_BOOL_CONVERSION = YES;
				CLANG_WARN_COMMA = YES;
				CLANG_WARN_CONSTANT_CONVERSION = YES;
				CLANG_WARN_DEPRECATED_OBJC_IMPLEMENTATIONS = YES;
				CLANG_WARN_DIRECT_OBJC_ISA_USAGE = YES_ERROR;
				CLANG_WARN_DOCUMENTATION_COMMENTS = YES;
				CLANG_WARN_EMPTY_BODY = YES;
				CLANG_WARN_ENUM_CONVERSION = YES;
				CLANG_WARN_INFINITE_RECURSION = YES;
				CLANG_WARN_INT_CONVERSION = YES;
				CLANG_WARN_NON_LITERAL_NULL_CONVERSION = YES;
				CLANG_WARN_OBJC_IMPLICIT_RETAIN_SELF = YES;
				CLANG_WARN_OBJC_LITERAL_CONVERSION = YES;
				CLANG_WARN_OBJC_ROOT_CLASS = YES_ERROR;
				CLANG_WARN_RANGE_LOOP_ANALYSIS = YES;
				CLANG_WARN_STRICT_PROTOTYPES = YES;
				CLANG_WARN_SUSPICIOUS_MOVE = YES;
				CLANG_WARN_UNGUARDED_AVAILABILITY = YES_AGGRESSIVE;
				CLANG_WARN_UNREACHABLE_CODE = YES;
				CLANG_WARN__DUPLICATE_METHOD_MATCH = YES;
				COPY_PHASE_STRIP = NO;
				DEBUG_INFORMATION_FORMAT = "dwarf-with-dsym";
				ENABLE_NS_ASSERTIONS = NO;
				ENABLE_STRICT_OBJC_MSGSEND = YES;
				GCC_C_LANGUAGE_STANDARD = gnu11;
				GCC_NO_COMMON_BLOCKS = YES;
				GCC_WARN_64_TO_32_BIT_CONVERSION = YES;
				GCC_WARN_ABOUT_RETURN_TYPE = YES_ERROR;
				GCC_WARN_UNDECLARED_SELECTOR = YES;
				GCC_WARN_UNINITIALIZED_AUTOS = YES_AGGRESSIVE;
				GCC_WARN_UNUSED_FUNCTION = YES;
				GCC_WARN_UNUSED_VARIABLE = YES;
				IPHONEOS_DEPLOYMENT_TARGET = 13.6;
				MTL_ENABLE_DEBUG_INFO = NO;
				MTL_FAST_MATH = YES;
				SDKROOT = iphoneos;
				SWIFT_COMPILATION_MODE = wholemodule;
				SWIFT_OPTIMIZATION_LEVEL = "-O";
				VALIDATE_PRODUCT = YES;
			};
			name = Release;
		};
		07E7DD1F24C2D9830097EEE6 /* Debug */ = {
			isa = XCBuildConfiguration;
			baseConfigurationReference = 2716FC50453C412DA13C66BC /* Pods-GeekShop.debug.xcconfig */;
			buildSettings = {
				ASSETCATALOG_COMPILER_APPICON_NAME = AppIcon;
				CODE_SIGN_STYLE = Automatic;
				DEVELOPMENT_TEAM = 4GGD352K79;
				INFOPLIST_FILE = GeekShop/Resources/Info.plist;
				LD_RUNPATH_SEARCH_PATHS = (
					"$(inherited)",
					"@executable_path/Frameworks",
				);
				PRODUCT_BUNDLE_IDENTIFIER = ru.martiushin.GeekShop;
				PRODUCT_NAME = "$(TARGET_NAME)";
				SWIFT_VERSION = 5.0;
				TARGETED_DEVICE_FAMILY = "1,2";
			};
			name = Debug;
		};
		07E7DD2024C2D9830097EEE6 /* Release */ = {
			isa = XCBuildConfiguration;
			baseConfigurationReference = 106FB099512EF0C8BBF87F9B /* Pods-GeekShop.release.xcconfig */;
			buildSettings = {
				ASSETCATALOG_COMPILER_APPICON_NAME = AppIcon;
				CODE_SIGN_STYLE = Automatic;
				DEVELOPMENT_TEAM = 4GGD352K79;
				INFOPLIST_FILE = GeekShop/Resources/Info.plist;
				LD_RUNPATH_SEARCH_PATHS = (
					"$(inherited)",
					"@executable_path/Frameworks",
				);
				PRODUCT_BUNDLE_IDENTIFIER = ru.martiushin.GeekShop;
				PRODUCT_NAME = "$(TARGET_NAME)";
				SWIFT_VERSION = 5.0;
				TARGETED_DEVICE_FAMILY = "1,2";
			};
			name = Release;
		};
		07E7DD2224C2D9830097EEE6 /* Debug */ = {
			isa = XCBuildConfiguration;
			baseConfigurationReference = 45FC46E9F15BE894B31A2BB1 /* Pods-GeekShopTests.debug.xcconfig */;
			buildSettings = {
				ALWAYS_EMBED_SWIFT_STANDARD_LIBRARIES = YES;
				BUNDLE_LOADER = "$(TEST_HOST)";
				CODE_SIGN_STYLE = Automatic;
				DEVELOPMENT_TEAM = 4GGD352K79;
				INFOPLIST_FILE = GeekShopTests/Info.plist;
				IPHONEOS_DEPLOYMENT_TARGET = 13.6;
				LD_RUNPATH_SEARCH_PATHS = (
					"$(inherited)",
					"@executable_path/Frameworks",
					"@loader_path/Frameworks",
				);
				PRODUCT_BUNDLE_IDENTIFIER = ru.martiushin.GeekShopTests;
				PRODUCT_NAME = "$(TARGET_NAME)";
				SWIFT_VERSION = 5.0;
				TARGETED_DEVICE_FAMILY = "1,2";
				TEST_HOST = "$(BUILT_PRODUCTS_DIR)/GeekShop.app/GeekShop";
			};
			name = Debug;
		};
		07E7DD2324C2D9830097EEE6 /* Release */ = {
			isa = XCBuildConfiguration;
			baseConfigurationReference = EE7EC025544BFA6FC1AB7855 /* Pods-GeekShopTests.release.xcconfig */;
			buildSettings = {
				ALWAYS_EMBED_SWIFT_STANDARD_LIBRARIES = YES;
				BUNDLE_LOADER = "$(TEST_HOST)";
				CODE_SIGN_STYLE = Automatic;
				DEVELOPMENT_TEAM = 4GGD352K79;
				INFOPLIST_FILE = GeekShopTests/Info.plist;
				IPHONEOS_DEPLOYMENT_TARGET = 13.6;
				LD_RUNPATH_SEARCH_PATHS = (
					"$(inherited)",
					"@executable_path/Frameworks",
					"@loader_path/Frameworks",
				);
				PRODUCT_BUNDLE_IDENTIFIER = ru.martiushin.GeekShopTests;
				PRODUCT_NAME = "$(TARGET_NAME)";
				SWIFT_VERSION = 5.0;
				TARGETED_DEVICE_FAMILY = "1,2";
				TEST_HOST = "$(BUILT_PRODUCTS_DIR)/GeekShop.app/GeekShop";
			};
			name = Release;
		};
		07E7DD2524C2D9830097EEE6 /* Debug */ = {
			isa = XCBuildConfiguration;
			baseConfigurationReference = 2F5952BE811AC810BE177D7F /* Pods-GeekShop-GeekShopUITests.debug.xcconfig */;
			buildSettings = {
				ALWAYS_EMBED_SWIFT_STANDARD_LIBRARIES = YES;
				CODE_SIGN_STYLE = Automatic;
				DEVELOPMENT_TEAM = 4GGD352K79;
				INFOPLIST_FILE = GeekShopUITests/Info.plist;
				LD_RUNPATH_SEARCH_PATHS = (
					"$(inherited)",
					"@executable_path/Frameworks",
					"@loader_path/Frameworks",
				);
				PRODUCT_BUNDLE_IDENTIFIER = ru.martiushin.GeekShopUITests;
				PRODUCT_NAME = "$(TARGET_NAME)";
				SWIFT_VERSION = 5.0;
				TARGETED_DEVICE_FAMILY = "1,2";
				TEST_TARGET_NAME = GeekShop;
			};
			name = Debug;
		};
		07E7DD2624C2D9830097EEE6 /* Release */ = {
			isa = XCBuildConfiguration;
			baseConfigurationReference = 9DBAF821DE65590172ACA4D8 /* Pods-GeekShop-GeekShopUITests.release.xcconfig */;
			buildSettings = {
				ALWAYS_EMBED_SWIFT_STANDARD_LIBRARIES = YES;
				CODE_SIGN_STYLE = Automatic;
				DEVELOPMENT_TEAM = 4GGD352K79;
				INFOPLIST_FILE = GeekShopUITests/Info.plist;
				LD_RUNPATH_SEARCH_PATHS = (
					"$(inherited)",
					"@executable_path/Frameworks",
					"@loader_path/Frameworks",
				);
				PRODUCT_BUNDLE_IDENTIFIER = ru.martiushin.GeekShopUITests;
				PRODUCT_NAME = "$(TARGET_NAME)";
				SWIFT_VERSION = 5.0;
				TARGETED_DEVICE_FAMILY = "1,2";
				TEST_TARGET_NAME = GeekShop;
			};
			name = Release;
		};
/* End XCBuildConfiguration section */

/* Begin XCConfigurationList section */
		07E7DCEF24C2D9810097EEE6 /* Build configuration list for PBXProject "GeekShop" */ = {
			isa = XCConfigurationList;
			buildConfigurations = (
				07E7DD1C24C2D9830097EEE6 /* Debug */,
				07E7DD1D24C2D9830097EEE6 /* Release */,
			);
			defaultConfigurationIsVisible = 0;
			defaultConfigurationName = Release;
		};
		07E7DD1E24C2D9830097EEE6 /* Build configuration list for PBXNativeTarget "GeekShop" */ = {
			isa = XCConfigurationList;
			buildConfigurations = (
				07E7DD1F24C2D9830097EEE6 /* Debug */,
				07E7DD2024C2D9830097EEE6 /* Release */,
			);
			defaultConfigurationIsVisible = 0;
			defaultConfigurationName = Release;
		};
		07E7DD2124C2D9830097EEE6 /* Build configuration list for PBXNativeTarget "GeekShopTests" */ = {
			isa = XCConfigurationList;
			buildConfigurations = (
				07E7DD2224C2D9830097EEE6 /* Debug */,
				07E7DD2324C2D9830097EEE6 /* Release */,
			);
			defaultConfigurationIsVisible = 0;
			defaultConfigurationName = Release;
		};
		07E7DD2424C2D9830097EEE6 /* Build configuration list for PBXNativeTarget "GeekShopUITests" */ = {
			isa = XCConfigurationList;
			buildConfigurations = (
				07E7DD2524C2D9830097EEE6 /* Debug */,
				07E7DD2624C2D9830097EEE6 /* Release */,
			);
			defaultConfigurationIsVisible = 0;
			defaultConfigurationName = Release;
		};
/* End XCConfigurationList section */
	};
	rootObject = 07E7DCEC24C2D9810097EEE6 /* Project object */;
}
