// !$*UTF8*$!
{
	archiveVersion = 1;
	classes = {
	};
	objectVersion = 51;
	objects = {

/* Begin PBXBuildFile section */
		07393BD324C4717C007A1738 /* AbstractErrorParser.swift in Sources */ = {isa = PBXBuildFile; fileRef = 07393BD224C4717C007A1738 /* AbstractErrorParser.swift */; };
		07393BD524C471C8007A1738 /* ErrorParser.swift in Sources */ = {isa = PBXBuildFile; fileRef = 07393BD424C471C8007A1738 /* ErrorParser.swift */; };
		07393BD724C471F9007A1738 /* ResponseCodable.swift in Sources */ = {isa = PBXBuildFile; fileRef = 07393BD624C471F9007A1738 /* ResponseCodable.swift */; };
		07393BD924C47852007A1738 /* RequestRouter.swift in Sources */ = {isa = PBXBuildFile; fileRef = 07393BD824C47852007A1738 /* RequestRouter.swift */; };
		07393BDB24C4794F007A1738 /* LoginResult.swift in Sources */ = {isa = PBXBuildFile; fileRef = 07393BDA24C4794F007A1738 /* LoginResult.swift */; };
		07393BDE24C47B66007A1738 /* AuthRequestFactory.swift in Sources */ = {isa = PBXBuildFile; fileRef = 07393BDD24C47B66007A1738 /* AuthRequestFactory.swift */; };
		07393BE024C47BF1007A1738 /* Auth.swift in Sources */ = {isa = PBXBuildFile; fileRef = 07393BDF24C47BF1007A1738 /* Auth.swift */; };
		07393BE224C47F04007A1738 /* RequestFactory.swift in Sources */ = {isa = PBXBuildFile; fileRef = 07393BE124C47F04007A1738 /* RequestFactory.swift */; };
		07393BE424C4801E007A1738 /* User.swift in Sources */ = {isa = PBXBuildFile; fileRef = 07393BE324C4801E007A1738 /* User.swift */; };
		07393BE624C4818C007A1738 /* AbstractRequestFactory.swift in Sources */ = {isa = PBXBuildFile; fileRef = 07393BE524C4818C007A1738 /* AbstractRequestFactory.swift */; };
		07393BE824C482BE007A1738 /* LogoutResult.swift in Sources */ = {isa = PBXBuildFile; fileRef = 07393BE724C482BE007A1738 /* LogoutResult.swift */; };
		07393BEA24C4A94F007A1738 /* Register.swift in Sources */ = {isa = PBXBuildFile; fileRef = 07393BE924C4A94F007A1738 /* Register.swift */; };
		07393BEC24C4AA04007A1738 /* RegisterRequestFactory.swift in Sources */ = {isa = PBXBuildFile; fileRef = 07393BEB24C4AA04007A1738 /* RegisterRequestFactory.swift */; };
		07393BEE24C4AA46007A1738 /* RegisterResult.swift in Sources */ = {isa = PBXBuildFile; fileRef = 07393BED24C4AA46007A1738 /* RegisterResult.swift */; };
		07393BF024C4AE4D007A1738 /* ChangeUserDataResult.swift in Sources */ = {isa = PBXBuildFile; fileRef = 07393BEF24C4AE4D007A1738 /* ChangeUserDataResult.swift */; };
		07393BF224C4AF0E007A1738 /* ChangeUserDataRequestFactory.swift in Sources */ = {isa = PBXBuildFile; fileRef = 07393BF124C4AF0E007A1738 /* ChangeUserDataRequestFactory.swift */; };
		07393BF424C4AF75007A1738 /* ChangeUserData.swift in Sources */ = {isa = PBXBuildFile; fileRef = 07393BF324C4AF75007A1738 /* ChangeUserData.swift */; };
		07E7DCF824C2D9810097EEE6 /* AppDelegate.swift in Sources */ = {isa = PBXBuildFile; fileRef = 07E7DCF724C2D9810097EEE6 /* AppDelegate.swift */; };
		07E7DCFA24C2D9810097EEE6 /* SceneDelegate.swift in Sources */ = {isa = PBXBuildFile; fileRef = 07E7DCF924C2D9810097EEE6 /* SceneDelegate.swift */; };
		07E7DD0124C2D9820097EEE6 /* Assets.xcassets in Resources */ = {isa = PBXBuildFile; fileRef = 07E7DD0024C2D9820097EEE6 /* Assets.xcassets */; };
		07E7DD0424C2D9820097EEE6 /* LaunchScreen.storyboard in Resources */ = {isa = PBXBuildFile; fileRef = 07E7DD0224C2D9820097EEE6 /* LaunchScreen.storyboard */; };
		07E7DD0F24C2D9830097EEE6 /* GeekShopTests.swift in Sources */ = {isa = PBXBuildFile; fileRef = 07E7DD0E24C2D9830097EEE6 /* GeekShopTests.swift */; };
		07E7DD1A24C2D9830097EEE6 /* GeekShopUITests.swift in Sources */ = {isa = PBXBuildFile; fileRef = 07E7DD1924C2D9830097EEE6 /* GeekShopUITests.swift */; };
		3E854C4E947216D5509B1012 /* Pods_GeekShopTests.framework in Frameworks */ = {isa = PBXBuildFile; fileRef = E656A089303AC4F5EAA42D68 /* Pods_GeekShopTests.framework */; };
		A1B2A995DE20AA9282D2381F /* Pods_GeekShop_GeekShopUITests.framework in Frameworks */ = {isa = PBXBuildFile; fileRef = 104C032B93F3FE558442B7BC /* Pods_GeekShop_GeekShopUITests.framework */; };
		E2750E7D58BB1CD389B119D7 /* Pods_GeekShop.framework in Frameworks */ = {isa = PBXBuildFile; fileRef = DA8BC7674A03BD93F3282E14 /* Pods_GeekShop.framework */; };
/* End PBXBuildFile section */

/* Begin PBXContainerItemProxy section */
		07E7DD0B24C2D9830097EEE6 /* PBXContainerItemProxy */ = {
			isa = PBXContainerItemProxy;
			containerPortal = 07E7DCEC24C2D9810097EEE6 /* Project object */;
			proxyType = 1;
			remoteGlobalIDString = 07E7DCF324C2D9810097EEE6;
			remoteInfo = GeekShop;
		};
		07E7DD1624C2D9830097EEE6 /* PBXContainerItemProxy */ = {
			isa = PBXContainerItemProxy;
			containerPortal = 07E7DCEC24C2D9810097EEE6 /* Project object */;
			proxyType = 1;
			remoteGlobalIDString = 07E7DCF324C2D9810097EEE6;
			remoteInfo = GeekShop;
		};
/* End PBXContainerItemProxy section */

/* Begin PBXFileReference section */
		07393BD224C4717C007A1738 /* AbstractErrorParser.swift */ = {isa = PBXFileReference; lastKnownFileType = sourcecode.swift; path = AbstractErrorParser.swift; sourceTree = "<group>"; };
		07393BD424C471C8007A1738 /* ErrorParser.swift */ = {isa = PBXFileReference; lastKnownFileType = sourcecode.swift; path = ErrorParser.swift; sourceTree = "<group>"; };
		07393BD624C471F9007A1738 /* ResponseCodable.swift */ = {isa = PBXFileReference; lastKnownFileType = sourcecode.swift; path = ResponseCodable.swift; sourceTree = "<group>"; };
		07393BD824C47852007A1738 /* RequestRouter.swift */ = {isa = PBXFileReference; lastKnownFileType = sourcecode.swift; path = RequestRouter.swift; sourceTree = "<group>"; };
		07393BDA24C4794F007A1738 /* LoginResult.swift */ = {isa = PBXFileReference; lastKnownFileType = sourcecode.swift; path = LoginResult.swift; sourceTree = "<group>"; };
		07393BDD24C47B66007A1738 /* AuthRequestFactory.swift */ = {isa = PBXFileReference; lastKnownFileType = sourcecode.swift; path = AuthRequestFactory.swift; sourceTree = "<group>"; };
		07393BDF24C47BF1007A1738 /* Auth.swift */ = {isa = PBXFileReference; lastKnownFileType = sourcecode.swift; path = Auth.swift; sourceTree = "<group>"; };
		07393BE124C47F04007A1738 /* RequestFactory.swift */ = {isa = PBXFileReference; lastKnownFileType = sourcecode.swift; path = RequestFactory.swift; sourceTree = "<group>"; };
		07393BE324C4801E007A1738 /* User.swift */ = {isa = PBXFileReference; lastKnownFileType = sourcecode.swift; path = User.swift; sourceTree = "<group>"; };
		07393BE524C4818C007A1738 /* AbstractRequestFactory.swift */ = {isa = PBXFileReference; lastKnownFileType = sourcecode.swift; path = AbstractRequestFactory.swift; sourceTree = "<group>"; };
		07393BE724C482BE007A1738 /* LogoutResult.swift */ = {isa = PBXFileReference; lastKnownFileType = sourcecode.swift; path = LogoutResult.swift; sourceTree = "<group>"; };
		07393BE924C4A94F007A1738 /* Register.swift */ = {isa = PBXFileReference; lastKnownFileType = sourcecode.swift; path = Register.swift; sourceTree = "<group>"; };
		07393BEB24C4AA04007A1738 /* RegisterRequestFactory.swift */ = {isa = PBXFileReference; lastKnownFileType = sourcecode.swift; path = RegisterRequestFactory.swift; sourceTree = "<group>"; };
		07393BED24C4AA46007A1738 /* RegisterResult.swift */ = {isa = PBXFileReference; lastKnownFileType = sourcecode.swift; path = RegisterResult.swift; sourceTree = "<group>"; };
		07393BEF24C4AE4D007A1738 /* ChangeUserDataResult.swift */ = {isa = PBXFileReference; lastKnownFileType = sourcecode.swift; path = ChangeUserDataResult.swift; sourceTree = "<group>"; };
		07393BF124C4AF0E007A1738 /* ChangeUserDataRequestFactory.swift */ = {isa = PBXFileReference; lastKnownFileType = sourcecode.swift; path = ChangeUserDataRequestFactory.swift; sourceTree = "<group>"; };
		07393BF324C4AF75007A1738 /* ChangeUserData.swift */ = {isa = PBXFileReference; lastKnownFileType = sourcecode.swift; path = ChangeUserData.swift; sourceTree = "<group>"; };
		07E7DCF424C2D9810097EEE6 /* GeekShop.app */ = {isa = PBXFileReference; explicitFileType = wrapper.application; includeInIndex = 0; path = GeekShop.app; sourceTree = BUILT_PRODUCTS_DIR; };
		07E7DCF724C2D9810097EEE6 /* AppDelegate.swift */ = {isa = PBXFileReference; lastKnownFileType = sourcecode.swift; path = AppDelegate.swift; sourceTree = "<group>"; };
		07E7DCF924C2D9810097EEE6 /* SceneDelegate.swift */ = {isa = PBXFileReference; lastKnownFileType = sourcecode.swift; path = SceneDelegate.swift; sourceTree = "<group>"; };
		07E7DD0024C2D9820097EEE6 /* Assets.xcassets */ = {isa = PBXFileReference; lastKnownFileType = folder.assetcatalog; path = Assets.xcassets; sourceTree = "<group>"; };
		07E7DD0324C2D9820097EEE6 /* Base */ = {isa = PBXFileReference; lastKnownFileType = file.storyboard; name = Base; path = Base.lproj/LaunchScreen.storyboard; sourceTree = "<group>"; };
		07E7DD0524C2D9820097EEE6 /* Info.plist */ = {isa = PBXFileReference; lastKnownFileType = text.plist.xml; path = Info.plist; sourceTree = "<group>"; };
		07E7DD0A24C2D9830097EEE6 /* GeekShopTests.xctest */ = {isa = PBXFileReference; explicitFileType = wrapper.cfbundle; includeInIndex = 0; path = GeekShopTests.xctest; sourceTree = BUILT_PRODUCTS_DIR; };
		07E7DD0E24C2D9830097EEE6 /* GeekShopTests.swift */ = {isa = PBXFileReference; lastKnownFileType = sourcecode.swift; path = GeekShopTests.swift; sourceTree = "<group>"; };
		07E7DD1024C2D9830097EEE6 /* Info.plist */ = {isa = PBXFileReference; lastKnownFileType = text.plist.xml; path = Info.plist; sourceTree = "<group>"; };
		07E7DD1524C2D9830097EEE6 /* GeekShopUITests.xctest */ = {isa = PBXFileReference; explicitFileType = wrapper.cfbundle; includeInIndex = 0; path = GeekShopUITests.xctest; sourceTree = BUILT_PRODUCTS_DIR; };
		07E7DD1924C2D9830097EEE6 /* GeekShopUITests.swift */ = {isa = PBXFileReference; lastKnownFileType = sourcecode.swift; path = GeekShopUITests.swift; sourceTree = "<group>"; };
		07E7DD1B24C2D9830097EEE6 /* Info.plist */ = {isa = PBXFileReference; lastKnownFileType = text.plist.xml; path = Info.plist; sourceTree = "<group>"; };
		104C032B93F3FE558442B7BC /* Pods_GeekShop_GeekShopUITests.framework */ = {isa = PBXFileReference; explicitFileType = wrapper.framework; includeInIndex = 0; path = Pods_GeekShop_GeekShopUITests.framework; sourceTree = BUILT_PRODUCTS_DIR; };
		106FB099512EF0C8BBF87F9B /* Pods-GeekShop.release.xcconfig */ = {isa = PBXFileReference; includeInIndex = 1; lastKnownFileType = text.xcconfig; name = "Pods-GeekShop.release.xcconfig"; path = "Target Support Files/Pods-GeekShop/Pods-GeekShop.release.xcconfig"; sourceTree = "<group>"; };
		2716FC50453C412DA13C66BC /* Pods-GeekShop.debug.xcconfig */ = {isa = PBXFileReference; includeInIndex = 1; lastKnownFileType = text.xcconfig; name = "Pods-GeekShop.debug.xcconfig"; path = "Target Support Files/Pods-GeekShop/Pods-GeekShop.debug.xcconfig"; sourceTree = "<group>"; };
		2F5952BE811AC810BE177D7F /* Pods-GeekShop-GeekShopUITests.debug.xcconfig */ = {isa = PBXFileReference; includeInIndex = 1; lastKnownFileType = text.xcconfig; name = "Pods-GeekShop-GeekShopUITests.debug.xcconfig"; path = "Target Support Files/Pods-GeekShop-GeekShopUITests/Pods-GeekShop-GeekShopUITests.debug.xcconfig"; sourceTree = "<group>"; };
		45FC46E9F15BE894B31A2BB1 /* Pods-GeekShopTests.debug.xcconfig */ = {isa = PBXFileReference; includeInIndex = 1; lastKnownFileType = text.xcconfig; name = "Pods-GeekShopTests.debug.xcconfig"; path = "Target Support Files/Pods-GeekShopTests/Pods-GeekShopTests.debug.xcconfig"; sourceTree = "<group>"; };
		9DBAF821DE65590172ACA4D8 /* Pods-GeekShop-GeekShopUITests.release.xcconfig */ = {isa = PBXFileReference; includeInIndex = 1; lastKnownFileType = text.xcconfig; name = "Pods-GeekShop-GeekShopUITests.release.xcconfig"; path = "Target Support Files/Pods-GeekShop-GeekShopUITests/Pods-GeekShop-GeekShopUITests.release.xcconfig"; sourceTree = "<group>"; };
		DA8BC7674A03BD93F3282E14 /* Pods_GeekShop.framework */ = {isa = PBXFileReference; explicitFileType = wrapper.framework; includeInIndex = 0; path = Pods_GeekShop.framework; sourceTree = BUILT_PRODUCTS_DIR; };
		E656A089303AC4F5EAA42D68 /* Pods_GeekShopTests.framework */ = {isa = PBXFileReference; explicitFileType = wrapper.framework; includeInIndex = 0; path = Pods_GeekShopTests.framework; sourceTree = BUILT_PRODUCTS_DIR; };
		EE7EC025544BFA6FC1AB7855 /* Pods-GeekShopTests.release.xcconfig */ = {isa = PBXFileReference; includeInIndex = 1; lastKnownFileType = text.xcconfig; name = "Pods-GeekShopTests.release.xcconfig"; path = "Target Support Files/Pods-GeekShopTests/Pods-GeekShopTests.release.xcconfig"; sourceTree = "<group>"; };
/* End PBXFileReference section */

/* Begin PBXFrameworksBuildPhase section */
		07E7DCF124C2D9810097EEE6 /* Frameworks */ = {
			isa = PBXFrameworksBuildPhase;
			buildActionMask = 2147483647;
			files = (
				E2750E7D58BB1CD389B119D7 /* Pods_GeekShop.framework in Frameworks */,
			);
			runOnlyForDeploymentPostprocessing = 0;
		};
		07E7DD0724C2D9830097EEE6 /* Frameworks */ = {
			isa = PBXFrameworksBuildPhase;
			buildActionMask = 2147483647;
			files = (
				3E854C4E947216D5509B1012 /* Pods_GeekShopTests.framework in Frameworks */,
			);
			runOnlyForDeploymentPostprocessing = 0;
		};
		07E7DD1224C2D9830097EEE6 /* Frameworks */ = {
			isa = PBXFrameworksBuildPhase;
			buildActionMask = 2147483647;
			files = (
				A1B2A995DE20AA9282D2381F /* Pods_GeekShop_GeekShopUITests.framework in Frameworks */,
			);
			runOnlyForDeploymentPostprocessing = 0;
		};
/* End PBXFrameworksBuildPhase section */

/* Begin PBXGroup section */
		07393BD124C47156007A1738 /* Network */ = {
			isa = PBXGroup;
			children = (
				07393BD224C4717C007A1738 /* AbstractErrorParser.swift */,
				07393BD424C471C8007A1738 /* ErrorParser.swift */,
				07393BD624C471F9007A1738 /* ResponseCodable.swift */,
				07393BE524C4818C007A1738 /* AbstractRequestFactory.swift */,
				07393BD824C47852007A1738 /* RequestRouter.swift */,
			);
			path = Network;
			sourceTree = "<group>";
		};
		07393BDC24C47B50007A1738 /* Network */ = {
			isa = PBXGroup;
			children = (
				07393BE124C47F04007A1738 /* RequestFactory.swift */,
				07393BDD24C47B66007A1738 /* AuthRequestFactory.swift */,
				07393BDF24C47BF1007A1738 /* Auth.swift */,
				07393BEB24C4AA04007A1738 /* RegisterRequestFactory.swift */,
				07393BE924C4A94F007A1738 /* Register.swift */,
				07393BF124C4AF0E007A1738 /* ChangeUserDataRequestFactory.swift */,
				07393BF324C4AF75007A1738 /* ChangeUserData.swift */,
			);
			path = Network;
			sourceTree = "<group>";
		};
		07E7DCEB24C2D9810097EEE6 = {
			isa = PBXGroup;
			children = (
				07E7DCF624C2D9810097EEE6 /* GeekShop */,
				07E7DD0D24C2D9830097EEE6 /* GeekShopTests */,
				07E7DD1824C2D9830097EEE6 /* GeekShopUITests */,
				07E7DCF524C2D9810097EEE6 /* Products */,
				E11EB4032376FB011774D3B7 /* Pods */,
				B27E03B9724EACCABF4C2CBF /* Frameworks */,
			);
			sourceTree = "<group>";
		};
		07E7DCF524C2D9810097EEE6 /* Products */ = {
			isa = PBXGroup;
			children = (
				07E7DCF424C2D9810097EEE6 /* GeekShop.app */,
				07E7DD0A24C2D9830097EEE6 /* GeekShopTests.xctest */,
				07E7DD1524C2D9830097EEE6 /* GeekShopUITests.xctest */,
			);
			name = Products;
			sourceTree = "<group>";
		};
		07E7DCF624C2D9810097EEE6 /* GeekShop */ = {
			isa = PBXGroup;
			children = (
				07E7DD2724C2D9D00097EEE6 /* App */,
				07E7DCF724C2D9810097EEE6 /* AppDelegate.swift */,
				07E7DCF924C2D9810097EEE6 /* SceneDelegate.swift */,
				07E7DD2824C2D9D50097EEE6 /* Core */,
				07E7DD2924C2D9E80097EEE6 /* Resources */,
				07E7DD2A24C2DA020097EEE6 /* Environments */,
			);
			path = GeekShop;
			sourceTree = "<group>";
		};
		07E7DD0D24C2D9830097EEE6 /* GeekShopTests */ = {
			isa = PBXGroup;
			children = (
				07E7DD0E24C2D9830097EEE6 /* GeekShopTests.swift */,
				07E7DD1024C2D9830097EEE6 /* Info.plist */,
			);
			path = GeekShopTests;
			sourceTree = "<group>";
		};
		07E7DD1824C2D9830097EEE6 /* GeekShopUITests */ = {
			isa = PBXGroup;
			children = (
				07E7DD1924C2D9830097EEE6 /* GeekShopUITests.swift */,
				07E7DD1B24C2D9830097EEE6 /* Info.plist */,
			);
			path = GeekShopUITests;
			sourceTree = "<group>";
		};
		07E7DD2724C2D9D00097EEE6 /* App */ = {
			isa = PBXGroup;
			children = (
				07E7DD2F24C2DA370097EEE6 /* BusinessLogic */,
				07E7DD2E24C2DA300097EEE6 /* Entity */,
				07E7DD2D24C2DA2A0097EEE6 /* Assembly */,
				07E7DD2C24C2DA240097EEE6 /* Flows */,
			);
			path = App;
			sourceTree = "<group>";
		};
		07E7DD2824C2D9D50097EEE6 /* Core */ = {
			isa = PBXGroup;
			children = (
				07393BD124C47156007A1738 /* Network */,
			);
			path = Core;
			sourceTree = "<group>";
		};
		07E7DD2924C2D9E80097EEE6 /* Resources */ = {
			isa = PBXGroup;
			children = (
				07E7DD0024C2D9820097EEE6 /* Assets.xcassets */,
				07E7DD0224C2D9820097EEE6 /* LaunchScreen.storyboard */,
				07E7DD0524C2D9820097EEE6 /* Info.plist */,
			);
			path = Resources;
			sourceTree = "<group>";
		};
		07E7DD2A24C2DA020097EEE6 /* Environments */ = {
			isa = PBXGroup;
			children = (
			);
			path = Environments;
			sourceTree = "<group>";
		};
		07E7DD2C24C2DA240097EEE6 /* Flows */ = {
			isa = PBXGroup;
			children = (
			);
			path = Flows;
			sourceTree = "<group>";
		};
		07E7DD2D24C2DA2A0097EEE6 /* Assembly */ = {
			isa = PBXGroup;
			children = (
			);
			path = Assembly;
			sourceTree = "<group>";
		};
		07E7DD2E24C2DA300097EEE6 /* Entity */ = {
			isa = PBXGroup;
			children = (
				07393BE324C4801E007A1738 /* User.swift */,
				07393BED24C4AA46007A1738 /* RegisterResult.swift */,
				07393BDA24C4794F007A1738 /* LoginResult.swift */,
				07393BE724C482BE007A1738 /* LogoutResult.swift */,
				07393BEF24C4AE4D007A1738 /* ChangeUserDataResult.swift */,
			);
			path = Entity;
			sourceTree = "<group>";
		};
		07E7DD2F24C2DA370097EEE6 /* BusinessLogic */ = {
			isa = PBXGroup;
			children = (
				07393BDC24C47B50007A1738 /* Network */,
			);
			path = BusinessLogic;
			sourceTree = "<group>";
		};
		B27E03B9724EACCABF4C2CBF /* Frameworks */ = {
			isa = PBXGroup;
			children = (
				DA8BC7674A03BD93F3282E14 /* Pods_GeekShop.framework */,
				104C032B93F3FE558442B7BC /* Pods_GeekShop_GeekShopUITests.framework */,
				E656A089303AC4F5EAA42D68 /* Pods_GeekShopTests.framework */,
			);
			name = Frameworks;
			sourceTree = "<group>";
		};
		E11EB4032376FB011774D3B7 /* Pods */ = {
			isa = PBXGroup;
			children = (
				2716FC50453C412DA13C66BC /* Pods-GeekShop.debug.xcconfig */,
				106FB099512EF0C8BBF87F9B /* Pods-GeekShop.release.xcconfig */,
				2F5952BE811AC810BE177D7F /* Pods-GeekShop-GeekShopUITests.debug.xcconfig */,
				9DBAF821DE65590172ACA4D8 /* Pods-GeekShop-GeekShopUITests.release.xcconfig */,
				45FC46E9F15BE894B31A2BB1 /* Pods-GeekShopTests.debug.xcconfig */,
				EE7EC025544BFA6FC1AB7855 /* Pods-GeekShopTests.release.xcconfig */,
			);
			path = Pods;
			sourceTree = "<group>";
		};
/* End PBXGroup section */

/* Begin PBXNativeTarget section */
		07E7DCF324C2D9810097EEE6 /* GeekShop */ = {
			isa = PBXNativeTarget;
			buildConfigurationList = 07E7DD1E24C2D9830097EEE6 /* Build configuration list for PBXNativeTarget "GeekShop" */;
			buildPhases = (
				B3CA22D2E7E977BE37871D58 /* [CP] Check Pods Manifest.lock */,
				07E7DCF024C2D9810097EEE6 /* Sources */,
				07E7DCF124C2D9810097EEE6 /* Frameworks */,
				07E7DCF224C2D9810097EEE6 /* Resources */,
				7202F94C43FD178DC6CAFF11 /* [CP] Embed Pods Frameworks */,
			);
			buildRules = (
			);
			dependencies = (
			);
			name = GeekShop;
			productName = GeekShop;
			productReference = 07E7DCF424C2D9810097EEE6 /* GeekShop.app */;
			productType = "com.apple.product-type.application";
		};
		07E7DD0924C2D9830097EEE6 /* GeekShopTests */ = {
			isa = PBXNativeTarget;
			buildConfigurationList = 07E7DD2124C2D9830097EEE6 /* Build configuration list for PBXNativeTarget "GeekShopTests" */;
			buildPhases = (
				35DE55B25913E4FC60C87273 /* [CP] Check Pods Manifest.lock */,
				07E7DD0624C2D9830097EEE6 /* Sources */,
				07E7DD0724C2D9830097EEE6 /* Frameworks */,
				07E7DD0824C2D9830097EEE6 /* Resources */,
			);
			buildRules = (
			);
			dependencies = (
				07E7DD0C24C2D9830097EEE6 /* PBXTargetDependency */,
			);
			name = GeekShopTests;
			productName = GeekShopTests;
			productReference = 07E7DD0A24C2D9830097EEE6 /* GeekShopTests.xctest */;
			productType = "com.apple.product-type.bundle.unit-test";
		};
		07E7DD1424C2D9830097EEE6 /* GeekShopUITests */ = {
			isa = PBXNativeTarget;
			buildConfigurationList = 07E7DD2424C2D9830097EEE6 /* Build configuration list for PBXNativeTarget "GeekShopUITests" */;
			buildPhases = (
				318925B14A0F1E25919CAB0B /* [CP] Check Pods Manifest.lock */,
				07E7DD1124C2D9830097EEE6 /* Sources */,
				07E7DD1224C2D9830097EEE6 /* Frameworks */,
				07E7DD1324C2D9830097EEE6 /* Resources */,
				A035DDC5E0856236CB663BC4 /* [CP] Embed Pods Frameworks */,
			);
			buildRules = (
			);
			dependencies = (
				07E7DD1724C2D9830097EEE6 /* PBXTargetDependency */,
			);
			name = GeekShopUITests;
			productName = GeekShopUITests;
			productReference = 07E7DD1524C2D9830097EEE6 /* GeekShopUITests.xctest */;
			productType = "com.apple.product-type.bundle.ui-testing";
		};
/* End PBXNativeTarget section */

/* Begin PBXProject section */
		07E7DCEC24C2D9810097EEE6 /* Project object */ = {
			isa = PBXProject;
			attributes = {
				LastSwiftUpdateCheck = 1160;
				LastUpgradeCheck = 1160;
				ORGANIZATIONNAME = "Григорий Мартюшин";
				TargetAttributes = {
					07E7DCF324C2D9810097EEE6 = {
						CreatedOnToolsVersion = 11.6;
					};
					07E7DD0924C2D9830097EEE6 = {
						CreatedOnToolsVersion = 11.6;
						TestTargetID = 07E7DCF324C2D9810097EEE6;
					};
					07E7DD1424C2D9830097EEE6 = {
						CreatedOnToolsVersion = 11.6;
						TestTargetID = 07E7DCF324C2D9810097EEE6;
					};
				};
			};
			buildConfigurationList = 07E7DCEF24C2D9810097EEE6 /* Build configuration list for PBXProject "GeekShop" */;
			compatibilityVersion = "Xcode 9.3";
			developmentRegion = en;
			hasScannedForEncodings = 0;
			knownRegions = (
				en,
				Base,
			);
			mainGroup = 07E7DCEB24C2D9810097EEE6;
			productRefGroup = 07E7DCF524C2D9810097EEE6 /* Products */;
			projectDirPath = "";
			projectRoot = "";
			targets = (
				07E7DCF324C2D9810097EEE6 /* GeekShop */,
				07E7DD0924C2D9830097EEE6 /* GeekShopTests */,
				07E7DD1424C2D9830097EEE6 /* GeekShopUITests */,
			);
		};
/* End PBXProject section */

/* Begin PBXResourcesBuildPhase section */
		07E7DCF224C2D9810097EEE6 /* Resources */ = {
			isa = PBXResourcesBuildPhase;
			buildActionMask = 2147483647;
			files = (
				07E7DD0424C2D9820097EEE6 /* LaunchScreen.storyboard in Resources */,
				07E7DD0124C2D9820097EEE6 /* Assets.xcassets in Resources */,
			);
			runOnlyForDeploymentPostprocessing = 0;
		};
		07E7DD0824C2D9830097EEE6 /* Resources */ = {
			isa = PBXResourcesBuildPhase;
			buildActionMask = 2147483647;
			files = (
			);
			runOnlyForDeploymentPostprocessing = 0;
		};
		07E7DD1324C2D9830097EEE6 /* Resources */ = {
			isa = PBXResourcesBuildPhase;
			buildActionMask = 2147483647;
			files = (
			);
			runOnlyForDeploymentPostprocessing = 0;
		};
/* End PBXResourcesBuildPhase section */

/* Begin PBXShellScriptBuildPhase section */
		318925B14A0F1E25919CAB0B /* [CP] Check Pods Manifest.lock */ = {
			isa = PBXShellScriptBuildPhase;
			buildActionMask = 2147483647;
			files = (
			);
			inputFileListPaths = (
			);
			inputPaths = (
				"${PODS_PODFILE_DIR_PATH}/Podfile.lock",
				"${PODS_ROOT}/Manifest.lock",
			);
			name = "[CP] Check Pods Manifest.lock";
			outputFileListPaths = (
			);
			outputPaths = (
				"$(DERIVED_FILE_DIR)/Pods-GeekShop-GeekShopUITests-checkManifestLockResult.txt",
			);
			runOnlyForDeploymentPostprocessing = 0;
			shellPath = /bin/sh;
			shellScript = "diff \"${PODS_PODFILE_DIR_PATH}/Podfile.lock\" \"${PODS_ROOT}/Manifest.lock\" > /dev/null\nif [ $? != 0 ] ; then\n    # print error to STDERR\n    echo \"error: The sandbox is not in sync with the Podfile.lock. Run 'pod install' or update your CocoaPods installation.\" >&2\n    exit 1\nfi\n# This output is used by Xcode 'outputs' to avoid re-running this script phase.\necho \"SUCCESS\" > \"${SCRIPT_OUTPUT_FILE_0}\"\n";
			showEnvVarsInLog = 0;
		};
		35DE55B25913E4FC60C87273 /* [CP] Check Pods Manifest.lock */ = {
			isa = PBXShellScriptBuildPhase;
			buildActionMask = 2147483647;
			files = (
			);
			inputFileListPaths = (
			);
			inputPaths = (
				"${PODS_PODFILE_DIR_PATH}/Podfile.lock",
				"${PODS_ROOT}/Manifest.lock",
			);
			name = "[CP] Check Pods Manifest.lock";
			outputFileListPaths = (
			);
			outputPaths = (
				"$(DERIVED_FILE_DIR)/Pods-GeekShopTests-checkManifestLockResult.txt",
			);
			runOnlyForDeploymentPostprocessing = 0;
			shellPath = /bin/sh;
			shellScript = "diff \"${PODS_PODFILE_DIR_PATH}/Podfile.lock\" \"${PODS_ROOT}/Manifest.lock\" > /dev/null\nif [ $? != 0 ] ; then\n    # print error to STDERR\n    echo \"error: The sandbox is not in sync with the Podfile.lock. Run 'pod install' or update your CocoaPods installation.\" >&2\n    exit 1\nfi\n# This output is used by Xcode 'outputs' to avoid re-running this script phase.\necho \"SUCCESS\" > \"${SCRIPT_OUTPUT_FILE_0}\"\n";
			showEnvVarsInLog = 0;
		};
		7202F94C43FD178DC6CAFF11 /* [CP] Embed Pods Frameworks */ = {
			isa = PBXShellScriptBuildPhase;
			buildActionMask = 2147483647;
			files = (
			);
			inputFileListPaths = (
				"${PODS_ROOT}/Target Support Files/Pods-GeekShop/Pods-GeekShop-frameworks-${CONFIGURATION}-input-files.xcfilelist",
			);
			name = "[CP] Embed Pods Frameworks";
			outputFileListPaths = (
				"${PODS_ROOT}/Target Support Files/Pods-GeekShop/Pods-GeekShop-frameworks-${CONFIGURATION}-output-files.xcfilelist",
			);
			runOnlyForDeploymentPostprocessing = 0;
			shellPath = /bin/sh;
			shellScript = "\"${PODS_ROOT}/Target Support Files/Pods-GeekShop/Pods-GeekShop-frameworks.sh\"\n";
			showEnvVarsInLog = 0;
		};
		A035DDC5E0856236CB663BC4 /* [CP] Embed Pods Frameworks */ = {
			isa = PBXShellScriptBuildPhase;
			buildActionMask = 2147483647;
			files = (
			);
			inputFileListPaths = (
				"${PODS_ROOT}/Target Support Files/Pods-GeekShop-GeekShopUITests/Pods-GeekShop-GeekShopUITests-frameworks-${CONFIGURATION}-input-files.xcfilelist",
			);
			name = "[CP] Embed Pods Frameworks";
			outputFileListPaths = (
				"${PODS_ROOT}/Target Support Files/Pods-GeekShop-GeekShopUITests/Pods-GeekShop-GeekShopUITests-frameworks-${CONFIGURATION}-output-files.xcfilelist",
			);
			runOnlyForDeploymentPostprocessing = 0;
			shellPath = /bin/sh;
			shellScript = "\"${PODS_ROOT}/Target Support Files/Pods-GeekShop-GeekShopUITests/Pods-GeekShop-GeekShopUITests-frameworks.sh\"\n";
			showEnvVarsInLog = 0;
		};
		B3CA22D2E7E977BE37871D58 /* [CP] Check Pods Manifest.lock */ = {
			isa = PBXShellScriptBuildPhase;
			buildActionMask = 2147483647;
			files = (
			);
			inputFileListPaths = (
			);
			inputPaths = (
				"${PODS_PODFILE_DIR_PATH}/Podfile.lock",
				"${PODS_ROOT}/Manifest.lock",
			);
			name = "[CP] Check Pods Manifest.lock";
			outputFileListPaths = (
			);
			outputPaths = (
				"$(DERIVED_FILE_DIR)/Pods-GeekShop-checkManifestLockResult.txt",
			);
			runOnlyForDeploymentPostprocessing = 0;
			shellPath = /bin/sh;
			shellScript = "diff \"${PODS_PODFILE_DIR_PATH}/Podfile.lock\" \"${PODS_ROOT}/Manifest.lock\" > /dev/null\nif [ $? != 0 ] ; then\n    # print error to STDERR\n    echo \"error: The sandbox is not in sync with the Podfile.lock. Run 'pod install' or update your CocoaPods installation.\" >&2\n    exit 1\nfi\n# This output is used by Xcode 'outputs' to avoid re-running this script phase.\necho \"SUCCESS\" > \"${SCRIPT_OUTPUT_FILE_0}\"\n";
			showEnvVarsInLog = 0;
		};
/* End PBXShellScriptBuildPhase section */

/* Begin PBXSourcesBuildPhase section */
		07E7DCF024C2D9810097EEE6 /* Sources */ = {
			isa = PBXSourcesBuildPhase;
			buildActionMask = 2147483647;
			files = (
				07393BF424C4AF75007A1738 /* ChangeUserData.swift in Sources */,
				07393BEC24C4AA04007A1738 /* RegisterRequestFactory.swift in Sources */,
				07393BD324C4717C007A1738 /* AbstractErrorParser.swift in Sources */,
				07393BF024C4AE4D007A1738 /* ChangeUserDataResult.swift in Sources */,
				07393BDB24C4794F007A1738 /* LoginResult.swift in Sources */,
				07393BEE24C4AA46007A1738 /* RegisterResult.swift in Sources */,
				07393BE824C482BE007A1738 /* LogoutResult.swift in Sources */,
				07393BD724C471F9007A1738 /* ResponseCodable.swift in Sources */,
				07393BEA24C4A94F007A1738 /* Register.swift in Sources */,
				07393BF224C4AF0E007A1738 /* ChangeUserDataRequestFactory.swift in Sources */,
				07393BD924C47852007A1738 /* RequestRouter.swift in Sources */,
				07393BE624C4818C007A1738 /* AbstractRequestFactory.swift in Sources */,
				07E7DCF824C2D9810097EEE6 /* AppDelegate.swift in Sources */,
				07E7DCFA24C2D9810097EEE6 /* SceneDelegate.swift in Sources */,
				07393BE224C47F04007A1738 /* RequestFactory.swift in Sources */,
				07393BDE24C47B66007A1738 /* AuthRequestFactory.swift in Sources */,
				07393BD524C471C8007A1738 /* ErrorParser.swift in Sources */,
				07393BE024C47BF1007A1738 /* Auth.swift in Sources */,
				07393BE424C4801E007A1738 /* User.swift in Sources */,
			);
			runOnlyForDeploymentPostprocessing = 0;
		};
		07E7DD0624C2D9830097EEE6 /* Sources */ = {
			isa = PBXSourcesBuildPhase;
			buildActionMask = 2147483647;
			files = (
				07E7DD0F24C2D9830097EEE6 /* GeekShopTests.swift in Sources */,
			);
			runOnlyForDeploymentPostprocessing = 0;
		};
		07E7DD1124C2D9830097EEE6 /* Sources */ = {
			isa = PBXSourcesBuildPhase;
			buildActionMask = 2147483647;
			files = (
				07E7DD1A24C2D9830097EEE6 /* GeekShopUITests.swift in Sources */,
			);
			runOnlyForDeploymentPostprocessing = 0;
		};
/* End PBXSourcesBuildPhase section */

/* Begin PBXTargetDependency section */
		07E7DD0C24C2D9830097EEE6 /* PBXTargetDependency */ = {
			isa = PBXTargetDependency;
			target = 07E7DCF324C2D9810097EEE6 /* GeekShop */;
			targetProxy = 07E7DD0B24C2D9830097EEE6 /* PBXContainerItemProxy */;
		};
		07E7DD1724C2D9830097EEE6 /* PBXTargetDependency */ = {
			isa = PBXTargetDependency;
			target = 07E7DCF324C2D9810097EEE6 /* GeekShop */;
			targetProxy = 07E7DD1624C2D9830097EEE6 /* PBXContainerItemProxy */;
		};
/* End PBXTargetDependency section */

/* Begin PBXVariantGroup section */
		07E7DD0224C2D9820097EEE6 /* LaunchScreen.storyboard */ = {
			isa = PBXVariantGroup;
			children = (
				07E7DD0324C2D9820097EEE6 /* Base */,
			);
			name = LaunchScreen.storyboard;
			sourceTree = "<group>";
		};
/* End PBXVariantGroup section */

/* Begin XCBuildConfiguration section */
		07E7DD1C24C2D9830097EEE6 /* Debug */ = {
			isa = XCBuildConfiguration;
			buildSettings = {
				ALWAYS_SEARCH_USER_PATHS = NO;
				CLANG_ANALYZER_NONNULL = YES;
				CLANG_ANALYZER_NUMBER_OBJECT_CONVERSION = YES_AGGRESSIVE;
				CLANG_CXX_LANGUAGE_STANDARD = "gnu++14";
				CLANG_CXX_LIBRARY = "libc++";
				CLANG_ENABLE_MODULES = YES;
				CLANG_ENABLE_OBJC_ARC = YES;
				CLANG_ENABLE_OBJC_WEAK = YES;
				CLANG_WARN_BLOCK_CAPTURE_AUTORELEASING = YES;
				CLANG_WARN_BOOL_CONVERSION = YES;
				CLANG_WARN_COMMA = YES;
				CLANG_WARN_CONSTANT_CONVERSION = YES;
				CLANG_WARN_DEPRECATED_OBJC_IMPLEMENTATIONS = YES;
				CLANG_WARN_DIRECT_OBJC_ISA_USAGE = YES_ERROR;
				CLANG_WARN_DOCUMENTATION_COMMENTS = YES;
				CLANG_WARN_EMPTY_BODY = YES;
				CLANG_WARN_ENUM_CONVERSION = YES;
				CLANG_WARN_INFINITE_RECURSION = YES;
				CLANG_WARN_INT_CONVERSION = YES;
				CLANG_WARN_NON_LITERAL_NULL_CONVERSION = YES;
				CLANG_WARN_OBJC_IMPLICIT_RETAIN_SELF = YES;
				CLANG_WARN_OBJC_LITERAL_CONVERSION = YES;
				CLANG_WARN_OBJC_ROOT_CLASS = YES_ERROR;
				CLANG_WARN_RANGE_LOOP_ANALYSIS = YES;
				CLANG_WARN_STRICT_PROTOTYPES = YES;
				CLANG_WARN_SUSPICIOUS_MOVE = YES;
				CLANG_WARN_UNGUARDED_AVAILABILITY = YES_AGGRESSIVE;
				CLANG_WARN_UNREACHABLE_CODE = YES;
				CLANG_WARN__DUPLICATE_METHOD_MATCH = YES;
				COPY_PHASE_STRIP = NO;
				DEBUG_INFORMATION_FORMAT = dwarf;
				ENABLE_STRICT_OBJC_MSGSEND = YES;
				ENABLE_TESTABILITY = YES;
				GCC_C_LANGUAGE_STANDARD = gnu11;
				GCC_DYNAMIC_NO_PIC = NO;
				GCC_NO_COMMON_BLOCKS = YES;
				GCC_OPTIMIZATION_LEVEL = 0;
				GCC_PREPROCESSOR_DEFINITIONS = (
					"DEBUG=1",
					"$(inherited)",
				);
				GCC_WARN_64_TO_32_BIT_CONVERSION = YES;
				GCC_WARN_ABOUT_RETURN_TYPE = YES_ERROR;
				GCC_WARN_UNDECLARED_SELECTOR = YES;
				GCC_WARN_UNINITIALIZED_AUTOS = YES_AGGRESSIVE;
				GCC_WARN_UNUSED_FUNCTION = YES;
				GCC_WARN_UNUSED_VARIABLE = YES;
				IPHONEOS_DEPLOYMENT_TARGET = 13.6;
				MTL_ENABLE_DEBUG_INFO = INCLUDE_SOURCE;
				MTL_FAST_MATH = YES;
				ONLY_ACTIVE_ARCH = YES;
				SDKROOT = iphoneos;
				SWIFT_ACTIVE_COMPILATION_CONDITIONS = DEBUG;
				SWIFT_OPTIMIZATION_LEVEL = "-Onone";
			};
			name = Debug;
		};
		07E7DD1D24C2D9830097EEE6 /* Release */ = {
			isa = XCBuildConfiguration;
			buildSettings = {
				ALWAYS_SEARCH_USER_PATHS = NO;
				CLANG_ANALYZER_NONNULL = YES;
				CLANG_ANALYZER_NUMBER_OBJECT_CONVERSION = YES_AGGRESSIVE;
				CLANG_CXX_LANGUAGE_STANDARD = "gnu++14";
				CLANG_CXX_LIBRARY = "libc++";
				CLANG_ENABLE_MODULES = YES;
				CLANG_ENABLE_OBJC_ARC = YES;
				CLANG_ENABLE_OBJC_WEAK = YES;
				CLANG_WARN_BLOCK_CAPTURE_AUTORELEASING = YES;
				CLANG_WARN_BOOL_CONVERSION = YES;
				CLANG_WARN_COMMA = YES;
				CLANG_WARN_CONSTANT_CONVERSION = YES;
				CLANG_WARN_DEPRECATED_OBJC_IMPLEMENTATIONS = YES;
				CLANG_WARN_DIRECT_OBJC_ISA_USAGE = YES_ERROR;
				CLANG_WARN_DOCUMENTATION_COMMENTS = YES;
				CLANG_WARN_EMPTY_BODY = YES;
				CLANG_WARN_ENUM_CONVERSION = YES;
				CLANG_WARN_INFINITE_RECURSION = YES;
				CLANG_WARN_INT_CONVERSION = YES;
				CLANG_WARN_NON_LITERAL_NULL_CONVERSION = YES;
				CLANG_WARN_OBJC_IMPLICIT_RETAIN_SELF = YES;
				CLANG_WARN_OBJC_LITERAL_CONVERSION = YES;
				CLANG_WARN_OBJC_ROOT_CLASS = YES_ERROR;
				CLANG_WARN_RANGE_LOOP_ANALYSIS = YES;
				CLANG_WARN_STRICT_PROTOTYPES = YES;
				CLANG_WARN_SUSPICIOUS_MOVE = YES;
				CLANG_WARN_UNGUARDED_AVAILABILITY = YES_AGGRESSIVE;
				CLANG_WARN_UNREACHABLE_CODE = YES;
				CLANG_WARN__DUPLICATE_METHOD_MATCH = YES;
				COPY_PHASE_STRIP = NO;
				DEBUG_INFORMATION_FORMAT = "dwarf-with-dsym";
				ENABLE_NS_ASSERTIONS = NO;
				ENABLE_STRICT_OBJC_MSGSEND = YES;
				GCC_C_LANGUAGE_STANDARD = gnu11;
				GCC_NO_COMMON_BLOCKS = YES;
				GCC_WARN_64_TO_32_BIT_CONVERSION = YES;
				GCC_WARN_ABOUT_RETURN_TYPE = YES_ERROR;
				GCC_WARN_UNDECLARED_SELECTOR = YES;
				GCC_WARN_UNINITIALIZED_AUTOS = YES_AGGRESSIVE;
				GCC_WARN_UNUSED_FUNCTION = YES;
				GCC_WARN_UNUSED_VARIABLE = YES;
				IPHONEOS_DEPLOYMENT_TARGET = 13.6;
				MTL_ENABLE_DEBUG_INFO = NO;
				MTL_FAST_MATH = YES;
				SDKROOT = iphoneos;
				SWIFT_COMPILATION_MODE = wholemodule;
				SWIFT_OPTIMIZATION_LEVEL = "-O";
				VALIDATE_PRODUCT = YES;
			};
			name = Release;
		};
		07E7DD1F24C2D9830097EEE6 /* Debug */ = {
			isa = XCBuildConfiguration;
			baseConfigurationReference = 2716FC50453C412DA13C66BC /* Pods-GeekShop.debug.xcconfig */;
			buildSettings = {
				ASSETCATALOG_COMPILER_APPICON_NAME = AppIcon;
				CODE_SIGN_STYLE = Automatic;
				DEVELOPMENT_TEAM = 4GGD352K79;
				INFOPLIST_FILE = GeekShop/Resources/Info.plist;
				LD_RUNPATH_SEARCH_PATHS = (
					"$(inherited)",
					"@executable_path/Frameworks",
				);
				PRODUCT_BUNDLE_IDENTIFIER = ru.martiushin.GeekShop;
				PRODUCT_NAME = "$(TARGET_NAME)";
				SWIFT_VERSION = 5.0;
				TARGETED_DEVICE_FAMILY = "1,2";
			};
			name = Debug;
		};
		07E7DD2024C2D9830097EEE6 /* Release */ = {
			isa = XCBuildConfiguration;
			baseConfigurationReference = 106FB099512EF0C8BBF87F9B /* Pods-GeekShop.release.xcconfig */;
			buildSettings = {
				ASSETCATALOG_COMPILER_APPICON_NAME = AppIcon;
				CODE_SIGN_STYLE = Automatic;
				DEVELOPMENT_TEAM = 4GGD352K79;
				INFOPLIST_FILE = GeekShop/Resources/Info.plist;
				LD_RUNPATH_SEARCH_PATHS = (
					"$(inherited)",
					"@executable_path/Frameworks",
				);
				PRODUCT_BUNDLE_IDENTIFIER = ru.martiushin.GeekShop;
				PRODUCT_NAME = "$(TARGET_NAME)";
				SWIFT_VERSION = 5.0;
				TARGETED_DEVICE_FAMILY = "1,2";
			};
			name = Release;
		};
		07E7DD2224C2D9830097EEE6 /* Debug */ = {
			isa = XCBuildConfiguration;
			baseConfigurationReference = 45FC46E9F15BE894B31A2BB1 /* Pods-GeekShopTests.debug.xcconfig */;
			buildSettings = {
				ALWAYS_EMBED_SWIFT_STANDARD_LIBRARIES = YES;
				BUNDLE_LOADER = "$(TEST_HOST)";
				CODE_SIGN_STYLE = Automatic;
				DEVELOPMENT_TEAM = 4GGD352K79;
				INFOPLIST_FILE = GeekShopTests/Info.plist;
				IPHONEOS_DEPLOYMENT_TARGET = 13.6;
				LD_RUNPATH_SEARCH_PATHS = (
					"$(inherited)",
					"@executable_path/Frameworks",
					"@loader_path/Frameworks",
				);
				PRODUCT_BUNDLE_IDENTIFIER = ru.martiushin.GeekShopTests;
				PRODUCT_NAME = "$(TARGET_NAME)";
				SWIFT_VERSION = 5.0;
				TARGETED_DEVICE_FAMILY = "1,2";
				TEST_HOST = "$(BUILT_PRODUCTS_DIR)/GeekShop.app/GeekShop";
			};
			name = Debug;
		};
		07E7DD2324C2D9830097EEE6 /* Release */ = {
			isa = XCBuildConfiguration;
			baseConfigurationReference = EE7EC025544BFA6FC1AB7855 /* Pods-GeekShopTests.release.xcconfig */;
			buildSettings = {
				ALWAYS_EMBED_SWIFT_STANDARD_LIBRARIES = YES;
				BUNDLE_LOADER = "$(TEST_HOST)";
				CODE_SIGN_STYLE = Automatic;
				DEVELOPMENT_TEAM = 4GGD352K79;
				INFOPLIST_FILE = GeekShopTests/Info.plist;
				IPHONEOS_DEPLOYMENT_TARGET = 13.6;
				LD_RUNPATH_SEARCH_PATHS = (
					"$(inherited)",
					"@executable_path/Frameworks",
					"@loader_path/Frameworks",
				);
				PRODUCT_BUNDLE_IDENTIFIER = ru.martiushin.GeekShopTests;
				PRODUCT_NAME = "$(TARGET_NAME)";
				SWIFT_VERSION = 5.0;
				TARGETED_DEVICE_FAMILY = "1,2";
				TEST_HOST = "$(BUILT_PRODUCTS_DIR)/GeekShop.app/GeekShop";
			};
			name = Release;
		};
		07E7DD2524C2D9830097EEE6 /* Debug */ = {
			isa = XCBuildConfiguration;
			baseConfigurationReference = 2F5952BE811AC810BE177D7F /* Pods-GeekShop-GeekShopUITests.debug.xcconfig */;
			buildSettings = {
				ALWAYS_EMBED_SWIFT_STANDARD_LIBRARIES = YES;
				CODE_SIGN_STYLE = Automatic;
				DEVELOPMENT_TEAM = 4GGD352K79;
				INFOPLIST_FILE = GeekShopUITests/Info.plist;
				LD_RUNPATH_SEARCH_PATHS = (
					"$(inherited)",
					"@executable_path/Frameworks",
					"@loader_path/Frameworks",
				);
				PRODUCT_BUNDLE_IDENTIFIER = ru.martiushin.GeekShopUITests;
				PRODUCT_NAME = "$(TARGET_NAME)";
				SWIFT_VERSION = 5.0;
				TARGETED_DEVICE_FAMILY = "1,2";
				TEST_TARGET_NAME = GeekShop;
			};
			name = Debug;
		};
		07E7DD2624C2D9830097EEE6 /* Release */ = {
			isa = XCBuildConfiguration;
			baseConfigurationReference = 9DBAF821DE65590172ACA4D8 /* Pods-GeekShop-GeekShopUITests.release.xcconfig */;
			buildSettings = {
				ALWAYS_EMBED_SWIFT_STANDARD_LIBRARIES = YES;
				CODE_SIGN_STYLE = Automatic;
				DEVELOPMENT_TEAM = 4GGD352K79;
				INFOPLIST_FILE = GeekShopUITests/Info.plist;
				LD_RUNPATH_SEARCH_PATHS = (
					"$(inherited)",
					"@executable_path/Frameworks",
					"@loader_path/Frameworks",
				);
				PRODUCT_BUNDLE_IDENTIFIER = ru.martiushin.GeekShopUITests;
				PRODUCT_NAME = "$(TARGET_NAME)";
				SWIFT_VERSION = 5.0;
				TARGETED_DEVICE_FAMILY = "1,2";
				TEST_TARGET_NAME = GeekShop;
			};
			name = Release;
		};
/* End XCBuildConfiguration section */

/* Begin XCConfigurationList section */
		07E7DCEF24C2D9810097EEE6 /* Build configuration list for PBXProject "GeekShop" */ = {
			isa = XCConfigurationList;
			buildConfigurations = (
				07E7DD1C24C2D9830097EEE6 /* Debug */,
				07E7DD1D24C2D9830097EEE6 /* Release */,
			);
			defaultConfigurationIsVisible = 0;
			defaultConfigurationName = Release;
		};
		07E7DD1E24C2D9830097EEE6 /* Build configuration list for PBXNativeTarget "GeekShop" */ = {
			isa = XCConfigurationList;
			buildConfigurations = (
				07E7DD1F24C2D9830097EEE6 /* Debug */,
				07E7DD2024C2D9830097EEE6 /* Release */,
			);
			defaultConfigurationIsVisible = 0;
			defaultConfigurationName = Release;
		};
		07E7DD2124C2D9830097EEE6 /* Build configuration list for PBXNativeTarget "GeekShopTests" */ = {
			isa = XCConfigurationList;
			buildConfigurations = (
				07E7DD2224C2D9830097EEE6 /* Debug */,
				07E7DD2324C2D9830097EEE6 /* Release */,
			);
			defaultConfigurationIsVisible = 0;
			defaultConfigurationName = Release;
		};
		07E7DD2424C2D9830097EEE6 /* Build configuration list for PBXNativeTarget "GeekShopUITests" */ = {
			isa = XCConfigurationList;
			buildConfigurations = (
				07E7DD2524C2D9830097EEE6 /* Debug */,
				07E7DD2624C2D9830097EEE6 /* Release */,
			);
			defaultConfigurationIsVisible = 0;
			defaultConfigurationName = Release;
		};
/* End XCConfigurationList section */
	};
	rootObject = 07E7DCEC24C2D9810097EEE6 /* Project object */;
}
